// !$*UTF8*$!
{
	archiveVersion = 1;
	classes = {
	};
	objectVersion = 56;
	objects = {

/* Begin PBXBuildFile section */
		E84E08552BFD24BD002D72A9 /* TimeAlertView.swift in Sources */ = {isa = PBXBuildFile; fileRef = E84E08542BFD24BD002D72A9 /* TimeAlertView.swift */; };
		E874A9FF2BFB53A50075644C /* UnChair_iOSApp.swift in Sources */ = {isa = PBXBuildFile; fileRef = E874A9FE2BFB53A50075644C /* UnChair_iOSApp.swift */; };
		E874AA012BFB53A50075644C /* ContentView.swift in Sources */ = {isa = PBXBuildFile; fileRef = E874AA002BFB53A50075644C /* ContentView.swift */; };
		E874AA032BFB53A60075644C /* Assets.xcassets in Resources */ = {isa = PBXBuildFile; fileRef = E874AA022BFB53A60075644C /* Assets.xcassets */; };
		E874AA062BFB53A60075644C /* Preview Assets.xcassets in Resources */ = {isa = PBXBuildFile; fileRef = E874AA052BFB53A60075644C /* Preview Assets.xcassets */; };
		E8783CCF2BFD943B0085A899 /* SampleModel.swift in Sources */ = {isa = PBXBuildFile; fileRef = E8783CCE2BFD943B0085A899 /* SampleModel.swift */; };
		E8BB4E322BFD0A5E00C1459C /* HomeScreen.swift in Sources */ = {isa = PBXBuildFile; fileRef = E8BB4E312BFD0A5E00C1459C /* HomeScreen.swift */; };
		E8BB4E342BFD0AE400C1459C /* AnalyticScreen.swift in Sources */ = {isa = PBXBuildFile; fileRef = E8BB4E332BFD0AE400C1459C /* AnalyticScreen.swift */; };
		E8BB4E362BFD0AEF00C1459C /* ProfileScreen.swift in Sources */ = {isa = PBXBuildFile; fileRef = E8BB4E352BFD0AEF00C1459C /* ProfileScreen.swift */; };
/* End PBXBuildFile section */

/* Begin PBXFileReference section */
		E84E08542BFD24BD002D72A9 /* TimeAlertView.swift */ = {isa = PBXFileReference; lastKnownFileType = sourcecode.swift; path = TimeAlertView.swift; sourceTree = "<group>"; };
		E874A9FB2BFB53A50075644C /* UnChair-iOS.app */ = {isa = PBXFileReference; explicitFileType = wrapper.application; includeInIndex = 0; path = "UnChair-iOS.app"; sourceTree = BUILT_PRODUCTS_DIR; };
		E874A9FE2BFB53A50075644C /* UnChair_iOSApp.swift */ = {isa = PBXFileReference; lastKnownFileType = sourcecode.swift; path = UnChair_iOSApp.swift; sourceTree = "<group>"; };
		E874AA002BFB53A50075644C /* ContentView.swift */ = {isa = PBXFileReference; lastKnownFileType = sourcecode.swift; path = ContentView.swift; sourceTree = "<group>"; };
		E874AA022BFB53A60075644C /* Assets.xcassets */ = {isa = PBXFileReference; lastKnownFileType = folder.assetcatalog; path = Assets.xcassets; sourceTree = "<group>"; };
		E874AA052BFB53A60075644C /* Preview Assets.xcassets */ = {isa = PBXFileReference; lastKnownFileType = folder.assetcatalog; path = "Preview Assets.xcassets"; sourceTree = "<group>"; };
		E8783CCE2BFD943B0085A899 /* SampleModel.swift */ = {isa = PBXFileReference; lastKnownFileType = sourcecode.swift; path = SampleModel.swift; sourceTree = "<group>"; };
		E8BB4E312BFD0A5E00C1459C /* HomeScreen.swift */ = {isa = PBXFileReference; lastKnownFileType = sourcecode.swift; path = HomeScreen.swift; sourceTree = "<group>"; };
		E8BB4E332BFD0AE400C1459C /* AnalyticScreen.swift */ = {isa = PBXFileReference; lastKnownFileType = sourcecode.swift; path = AnalyticScreen.swift; sourceTree = "<group>"; };
		E8BB4E352BFD0AEF00C1459C /* ProfileScreen.swift */ = {isa = PBXFileReference; lastKnownFileType = sourcecode.swift; path = ProfileScreen.swift; sourceTree = "<group>"; };
/* End PBXFileReference section */

/* Begin PBXFrameworksBuildPhase section */
		E874A9F82BFB53A50075644C /* Frameworks */ = {
			isa = PBXFrameworksBuildPhase;
			buildActionMask = 2147483647;
			files = (
			);
			runOnlyForDeploymentPostprocessing = 0;
		};
/* End PBXFrameworksBuildPhase section */

/* Begin PBXGroup section */
		E874A9F22BFB53A50075644C = {
			isa = PBXGroup;
			children = (
				E874A9FD2BFB53A50075644C /* UnChair-iOS */,
				E874A9FC2BFB53A50075644C /* Products */,
			);
			sourceTree = "<group>";
		};
		E874A9FC2BFB53A50075644C /* Products */ = {
			isa = PBXGroup;
			children = (
				E874A9FB2BFB53A50075644C /* UnChair-iOS.app */,
			);
			name = Products;
			sourceTree = "<group>";
		};
		E874A9FD2BFB53A50075644C /* UnChair-iOS */ = {
			isa = PBXGroup;
			children = (
				E8783CCD2BFD94160085A899 /* Extensions */,
				E8783CCC2BFD940B0085A899 /* Models */,
				E8783CC12BFD921A0085A899 /* Core */,
				E874A9FE2BFB53A50075644C /* UnChair_iOSApp.swift */,
				E874AA002BFB53A50075644C /* ContentView.swift */,
				E874AA022BFB53A60075644C /* Assets.xcassets */,
				E874AA042BFB53A60075644C /* Preview Content */,
			);
			path = "UnChair-iOS";
			sourceTree = "<group>";
		};
		E874AA042BFB53A60075644C /* Preview Content */ = {
			isa = PBXGroup;
			children = (
				E874AA052BFB53A60075644C /* Preview Assets.xcassets */,
			);
			path = "Preview Content";
			sourceTree = "<group>";
		};
		E8783CC12BFD921A0085A899 /* Core */ = {
			isa = PBXGroup;
			children = (
				E8783CCB2BFD931D0085A899 /* Components */,
				E8783CC82BFD92900085A899 /* Profile */,
				E8783CC52BFD926C0085A899 /* Analytics */,
				E8783CC22BFD92320085A899 /* Home */,
			);
			path = Core;
			sourceTree = "<group>";
		};
		E8783CC22BFD92320085A899 /* Home */ = {
			isa = PBXGroup;
			children = (
				E8783CC42BFD924B0085A899 /* Views */,
				E8783CC32BFD923D0085A899 /* ViewModels */,
			);
			path = Home;
			sourceTree = "<group>";
		};
		E8783CC32BFD923D0085A899 /* ViewModels */ = {
			isa = PBXGroup;
			children = (
			);
			path = ViewModels;
			sourceTree = "<group>";
		};
		E8783CC42BFD924B0085A899 /* Views */ = {
			isa = PBXGroup;
			children = (
				E8BB4E312BFD0A5E00C1459C /* HomeScreen.swift */,
			);
			path = Views;
			sourceTree = "<group>";
		};
		E8783CC52BFD926C0085A899 /* Analytics */ = {
			isa = PBXGroup;
			children = (
				E8783CC72BFD92840085A899 /* ViewGroups */,
				E8783CC62BFD927C0085A899 /* Views */,
			);
			path = Analytics;
			sourceTree = "<group>";
		};
		E8783CC62BFD927C0085A899 /* Views */ = {
			isa = PBXGroup;
			children = (
				E8BB4E332BFD0AE400C1459C /* AnalyticScreen.swift */,
			);
			path = Views;
			sourceTree = "<group>";
		};
		E8783CC72BFD92840085A899 /* ViewGroups */ = {
			isa = PBXGroup;
			children = (
			);
			path = ViewGroups;
			sourceTree = "<group>";
		};
		E8783CC82BFD92900085A899 /* Profile */ = {
			isa = PBXGroup;
			children = (
				E8783CCA2BFD92A10085A899 /* ViewGroups */,
				E8783CC92BFD929A0085A899 /* Views */,
			);
			path = Profile;
			sourceTree = "<group>";
		};
		E8783CC92BFD929A0085A899 /* Views */ = {
			isa = PBXGroup;
			children = (
				E8BB4E352BFD0AEF00C1459C /* ProfileScreen.swift */,
			);
			path = Views;
			sourceTree = "<group>";
		};
		E8783CCA2BFD92A10085A899 /* ViewGroups */ = {
			isa = PBXGroup;
			children = (
			);
			path = ViewGroups;
			sourceTree = "<group>";
		};
		E8783CCB2BFD931D0085A899 /* Components */ = {
			isa = PBXGroup;
			children = (
				E84E08542BFD24BD002D72A9 /* TimeAlertView.swift */,
			);
			path = Components;
			sourceTree = "<group>";
		};
		E8783CCC2BFD940B0085A899 /* Models */ = {
			isa = PBXGroup;
			children = (
				E8783CCE2BFD943B0085A899 /* SampleModel.swift */,
			);
			path = Models;
			sourceTree = "<group>";
		};
		E8783CCD2BFD94160085A899 /* Extensions */ = {
			isa = PBXGroup;
			children = (
			);
			path = Extensions;
			sourceTree = "<group>";
		};
/* End PBXGroup section */

/* Begin PBXNativeTarget section */
		E874A9FA2BFB53A50075644C /* UnChair-iOS */ = {
			isa = PBXNativeTarget;
			buildConfigurationList = E874AA092BFB53A60075644C /* Build configuration list for PBXNativeTarget "UnChair-iOS" */;
			buildPhases = (
				E874A9F72BFB53A50075644C /* Sources */,
				E874A9F82BFB53A50075644C /* Frameworks */,
				E874A9F92BFB53A50075644C /* Resources */,
			);
			buildRules = (
			);
			dependencies = (
			);
			name = "UnChair-iOS";
			productName = "UnChair-iOS";
			productReference = E874A9FB2BFB53A50075644C /* UnChair-iOS.app */;
			productType = "com.apple.product-type.application";
		};
/* End PBXNativeTarget section */

/* Begin PBXProject section */
		E874A9F32BFB53A50075644C /* Project object */ = {
			isa = PBXProject;
			attributes = {
				BuildIndependentTargetsInParallel = 1;
				LastSwiftUpdateCheck = 1530;
				LastUpgradeCheck = 1530;
				TargetAttributes = {
					E874A9FA2BFB53A50075644C = {
						CreatedOnToolsVersion = 15.3;
					};
				};
			};
			buildConfigurationList = E874A9F62BFB53A50075644C /* Build configuration list for PBXProject "UnChair-iOS" */;
			compatibilityVersion = "Xcode 14.0";
			developmentRegion = en;
			hasScannedForEncodings = 0;
			knownRegions = (
				en,
				Base,
			);
			mainGroup = E874A9F22BFB53A50075644C;
			productRefGroup = E874A9FC2BFB53A50075644C /* Products */;
			projectDirPath = "";
			projectRoot = "";
			targets = (
				E874A9FA2BFB53A50075644C /* UnChair-iOS */,
			);
		};
/* End PBXProject section */

/* Begin PBXResourcesBuildPhase section */
		E874A9F92BFB53A50075644C /* Resources */ = {
			isa = PBXResourcesBuildPhase;
			buildActionMask = 2147483647;
			files = (
				E874AA062BFB53A60075644C /* Preview Assets.xcassets in Resources */,
				E874AA032BFB53A60075644C /* Assets.xcassets in Resources */,
			);
			runOnlyForDeploymentPostprocessing = 0;
		};
/* End PBXResourcesBuildPhase section */

/* Begin PBXSourcesBuildPhase section */
		E874A9F72BFB53A50075644C /* Sources */ = {
			isa = PBXSourcesBuildPhase;
			buildActionMask = 2147483647;
			files = (
				E8BB4E342BFD0AE400C1459C /* AnalyticScreen.swift in Sources */,
				E874AA012BFB53A50075644C /* ContentView.swift in Sources */,
				E874A9FF2BFB53A50075644C /* UnChair_iOSApp.swift in Sources */,
				E8BB4E322BFD0A5E00C1459C /* HomeScreen.swift in Sources */,
				E84E08552BFD24BD002D72A9 /* TimeAlertView.swift in Sources */,
				E8783CCF2BFD943B0085A899 /* SampleModel.swift in Sources */,
				E8BB4E362BFD0AEF00C1459C /* ProfileScreen.swift in Sources */,
			);
			runOnlyForDeploymentPostprocessing = 0;
		};
/* End PBXSourcesBuildPhase section */

/* Begin XCBuildConfiguration section */
		E874AA072BFB53A60075644C /* Debug */ = {
			isa = XCBuildConfiguration;
			buildSettings = {
				ALWAYS_SEARCH_USER_PATHS = NO;
				ASSETCATALOG_COMPILER_GENERATE_SWIFT_ASSET_SYMBOL_EXTENSIONS = YES;
				CLANG_ANALYZER_NONNULL = YES;
				CLANG_ANALYZER_NUMBER_OBJECT_CONVERSION = YES_AGGRESSIVE;
				CLANG_CXX_LANGUAGE_STANDARD = "gnu++20";
				CLANG_ENABLE_MODULES = YES;
				CLANG_ENABLE_OBJC_ARC = YES;
				CLANG_ENABLE_OBJC_WEAK = YES;
				CLANG_WARN_BLOCK_CAPTURE_AUTORELEASING = YES;
				CLANG_WARN_BOOL_CONVERSION = YES;
				CLANG_WARN_COMMA = YES;
				CLANG_WARN_CONSTANT_CONVERSION = YES;
				CLANG_WARN_DEPRECATED_OBJC_IMPLEMENTATIONS = YES;
				CLANG_WARN_DIRECT_OBJC_ISA_USAGE = YES_ERROR;
				CLANG_WARN_DOCUMENTATION_COMMENTS = YES;
				CLANG_WARN_EMPTY_BODY = YES;
				CLANG_WARN_ENUM_CONVERSION = YES;
				CLANG_WARN_INFINITE_RECURSION = YES;
				CLANG_WARN_INT_CONVERSION = YES;
				CLANG_WARN_NON_LITERAL_NULL_CONVERSION = YES;
				CLANG_WARN_OBJC_IMPLICIT_RETAIN_SELF = YES;
				CLANG_WARN_OBJC_LITERAL_CONVERSION = YES;
				CLANG_WARN_OBJC_ROOT_CLASS = YES_ERROR;
				CLANG_WARN_QUOTED_INCLUDE_IN_FRAMEWORK_HEADER = YES;
				CLANG_WARN_RANGE_LOOP_ANALYSIS = YES;
				CLANG_WARN_STRICT_PROTOTYPES = YES;
				CLANG_WARN_SUSPICIOUS_MOVE = YES;
				CLANG_WARN_UNGUARDED_AVAILABILITY = YES_AGGRESSIVE;
				CLANG_WARN_UNREACHABLE_CODE = YES;
				CLANG_WARN__DUPLICATE_METHOD_MATCH = YES;
				COPY_PHASE_STRIP = NO;
				DEBUG_INFORMATION_FORMAT = dwarf;
				ENABLE_STRICT_OBJC_MSGSEND = YES;
				ENABLE_TESTABILITY = YES;
				ENABLE_USER_SCRIPT_SANDBOXING = YES;
				GCC_C_LANGUAGE_STANDARD = gnu17;
				GCC_DYNAMIC_NO_PIC = NO;
				GCC_NO_COMMON_BLOCKS = YES;
				GCC_OPTIMIZATION_LEVEL = 0;
				GCC_PREPROCESSOR_DEFINITIONS = (
					"DEBUG=1",
					"$(inherited)",
				);
				GCC_WARN_64_TO_32_BIT_CONVERSION = YES;
				GCC_WARN_ABOUT_RETURN_TYPE = YES_ERROR;
				GCC_WARN_UNDECLARED_SELECTOR = YES;
				GCC_WARN_UNINITIALIZED_AUTOS = YES_AGGRESSIVE;
				GCC_WARN_UNUSED_FUNCTION = YES;
				GCC_WARN_UNUSED_VARIABLE = YES;
				IPHONEOS_DEPLOYMENT_TARGET = 17.4;
				LOCALIZATION_PREFERS_STRING_CATALOGS = YES;
				MTL_ENABLE_DEBUG_INFO = INCLUDE_SOURCE;
				MTL_FAST_MATH = YES;
				ONLY_ACTIVE_ARCH = YES;
				SDKROOT = iphoneos;
				SWIFT_ACTIVE_COMPILATION_CONDITIONS = "DEBUG $(inherited)";
				SWIFT_OPTIMIZATION_LEVEL = "-Onone";
			};
			name = Debug;
		};
		E874AA082BFB53A60075644C /* Release */ = {
			isa = XCBuildConfiguration;
			buildSettings = {
				ALWAYS_SEARCH_USER_PATHS = NO;
				ASSETCATALOG_COMPILER_GENERATE_SWIFT_ASSET_SYMBOL_EXTENSIONS = YES;
				CLANG_ANALYZER_NONNULL = YES;
				CLANG_ANALYZER_NUMBER_OBJECT_CONVERSION = YES_AGGRESSIVE;
				CLANG_CXX_LANGUAGE_STANDARD = "gnu++20";
				CLANG_ENABLE_MODULES = YES;
				CLANG_ENABLE_OBJC_ARC = YES;
				CLANG_ENABLE_OBJC_WEAK = YES;
				CLANG_WARN_BLOCK_CAPTURE_AUTORELEASING = YES;
				CLANG_WARN_BOOL_CONVERSION = YES;
				CLANG_WARN_COMMA = YES;
				CLANG_WARN_CONSTANT_CONVERSION = YES;
				CLANG_WARN_DEPRECATED_OBJC_IMPLEMENTATIONS = YES;
				CLANG_WARN_DIRECT_OBJC_ISA_USAGE = YES_ERROR;
				CLANG_WARN_DOCUMENTATION_COMMENTS = YES;
				CLANG_WARN_EMPTY_BODY = YES;
				CLANG_WARN_ENUM_CONVERSION = YES;
				CLANG_WARN_INFINITE_RECURSION = YES;
				CLANG_WARN_INT_CONVERSION = YES;
				CLANG_WARN_NON_LITERAL_NULL_CONVERSION = YES;
				CLANG_WARN_OBJC_IMPLICIT_RETAIN_SELF = YES;
				CLANG_WARN_OBJC_LITERAL_CONVERSION = YES;
				CLANG_WARN_OBJC_ROOT_CLASS = YES_ERROR;
				CLANG_WARN_QUOTED_INCLUDE_IN_FRAMEWORK_HEADER = YES;
				CLANG_WARN_RANGE_LOOP_ANALYSIS = YES;
				CLANG_WARN_STRICT_PROTOTYPES = YES;
				CLANG_WARN_SUSPICIOUS_MOVE = YES;
				CLANG_WARN_UNGUARDED_AVAILABILITY = YES_AGGRESSIVE;
				CLANG_WARN_UNREACHABLE_CODE = YES;
				CLANG_WARN__DUPLICATE_METHOD_MATCH = YES;
				COPY_PHASE_STRIP = NO;
				DEBUG_INFORMATION_FORMAT = "dwarf-with-dsym";
				ENABLE_NS_ASSERTIONS = NO;
				ENABLE_STRICT_OBJC_MSGSEND = YES;
				ENABLE_USER_SCRIPT_SANDBOXING = YES;
				GCC_C_LANGUAGE_STANDARD = gnu17;
				GCC_NO_COMMON_BLOCKS = YES;
				GCC_WARN_64_TO_32_BIT_CONVERSION = YES;
				GCC_WARN_ABOUT_RETURN_TYPE = YES_ERROR;
				GCC_WARN_UNDECLARED_SELECTOR = YES;
				GCC_WARN_UNINITIALIZED_AUTOS = YES_AGGRESSIVE;
				GCC_WARN_UNUSED_FUNCTION = YES;
				GCC_WARN_UNUSED_VARIABLE = YES;
				IPHONEOS_DEPLOYMENT_TARGET = 17.4;
				LOCALIZATION_PREFERS_STRING_CATALOGS = YES;
				MTL_ENABLE_DEBUG_INFO = NO;
				MTL_FAST_MATH = YES;
				SDKROOT = iphoneos;
				SWIFT_COMPILATION_MODE = wholemodule;
				VALIDATE_PRODUCT = YES;
			};
			name = Release;
		};
		E874AA0A2BFB53A60075644C /* Debug */ = {
			isa = XCBuildConfiguration;
			buildSettings = {
				ASSETCATALOG_COMPILER_APPICON_NAME = AppIcon;
				ASSETCATALOG_COMPILER_GLOBAL_ACCENT_COLOR_NAME = AccentColor;
				CODE_SIGN_STYLE = Automatic;
				CURRENT_PROJECT_VERSION = 1;
				DEVELOPMENT_ASSET_PATHS = "\"UnChair-iOS/Preview Content\"";
				ENABLE_PREVIEWS = YES;
				GENERATE_INFOPLIST_FILE = YES;
				INFOPLIST_KEY_UIApplicationSceneManifest_Generation = YES;
				INFOPLIST_KEY_UIApplicationSupportsIndirectInputEvents = YES;
				INFOPLIST_KEY_UILaunchScreen_Generation = YES;
				INFOPLIST_KEY_UISupportedInterfaceOrientations_iPad = "UIInterfaceOrientationPortrait UIInterfaceOrientationPortraitUpsideDown UIInterfaceOrientationLandscapeLeft UIInterfaceOrientationLandscapeRight";
				INFOPLIST_KEY_UISupportedInterfaceOrientations_iPhone = "UIInterfaceOrientationPortrait UIInterfaceOrientationLandscapeLeft UIInterfaceOrientationLandscapeRight";
				LD_RUNPATH_SEARCH_PATHS = (
					"$(inherited)",
					"@executable_path/Frameworks",
				);
				MARKETING_VERSION = 1.0;
				PRODUCT_BUNDLE_IDENTIFIER = "MehadiShakil.UnChair-iOS";
				PRODUCT_NAME = "$(TARGET_NAME)";
				SWIFT_EMIT_LOC_STRINGS = YES;
				SWIFT_VERSION = 5.0;
				TARGETED_DEVICE_FAMILY = "1,2";
			};
			name = Debug;
		};
		E874AA0B2BFB53A60075644C /* Release */ = {
			isa = XCBuildConfiguration;
			buildSettings = {
				ASSETCATALOG_COMPILER_APPICON_NAME = AppIcon;
				ASSETCATALOG_COMPILER_GLOBAL_ACCENT_COLOR_NAME = AccentColor;
				CODE_SIGN_STYLE = Automatic;
				CURRENT_PROJECT_VERSION = 1;
				DEVELOPMENT_ASSET_PATHS = "\"UnChair-iOS/Preview Content\"";
				ENABLE_PREVIEWS = YES;
				GENERATE_INFOPLIST_FILE = YES;
				INFOPLIST_KEY_UIApplicationSceneManifest_Generation = YES;
				INFOPLIST_KEY_UIApplicationSupportsIndirectInputEvents = YES;
				INFOPLIST_KEY_UILaunchScreen_Generation = YES;
				INFOPLIST_KEY_UISupportedInterfaceOrientations_iPad = "UIInterfaceOrientationPortrait UIInterfaceOrientationPortraitUpsideDown UIInterfaceOrientationLandscapeLeft UIInterfaceOrientationLandscapeRight";
				INFOPLIST_KEY_UISupportedInterfaceOrientations_iPhone = "UIInterfaceOrientationPortrait UIInterfaceOrientationLandscapeLeft UIInterfaceOrientationLandscapeRight";
				LD_RUNPATH_SEARCH_PATHS = (
					"$(inherited)",
					"@executable_path/Frameworks",
				);
				MARKETING_VERSION = 1.0;
				PRODUCT_BUNDLE_IDENTIFIER = "MehadiShakil.UnChair-iOS";
				PRODUCT_NAME = "$(TARGET_NAME)";
				SWIFT_EMIT_LOC_STRINGS = YES;
				SWIFT_VERSION = 5.0;
				TARGETED_DEVICE_FAMILY = "1,2";
			};
			name = Release;
		};
/* End XCBuildConfiguration section */

/* Begin XCConfigurationList section */
		E874A9F62BFB53A50075644C /* Build configuration list for PBXProject "UnChair-iOS" */ = {
			isa = XCConfigurationList;
			buildConfigurations = (
				E874AA072BFB53A60075644C /* Debug */,
				E874AA082BFB53A60075644C /* Release */,
			);
			defaultConfigurationIsVisible = 0;
			defaultConfigurationName = Release;
		};
		E874AA092BFB53A60075644C /* Build configuration list for PBXNativeTarget "UnChair-iOS" */ = {
			isa = XCConfigurationList;
			buildConfigurations = (
				E874AA0A2BFB53A60075644C /* Debug */,
				E874AA0B2BFB53A60075644C /* Release */,
			);
			defaultConfigurationIsVisible = 0;
			defaultConfigurationName = Release;
		};
/* End XCConfigurationList section */
	};
	rootObject = E874A9F32BFB53A50075644C /* Project object */;
}
