// !$*UTF8*$!
{
	archiveVersion = 1;
	classes = {
	};
	objectVersion = 56;
	objects = {

/* Begin PBXBuildFile section */
		E802683F2C317E0900F026F1 /* HeaderView.swift in Sources */ = {isa = PBXBuildFile; fileRef = E802683E2C317E0900F026F1 /* HeaderView.swift */; };
		E81E099F2CFA381700FFF547 /* DLMode.swift in Sources */ = {isa = PBXBuildFile; fileRef = E81E099E2CFA381700FFF547 /* DLMode.swift */; };
		E826D5F52C3D70FD00B00579 /* DailyTracking.swift in Sources */ = {isa = PBXBuildFile; fileRef = E826D5F42C3D70FD00B00579 /* DailyTracking.swift */; };
		E828853D2DC6AA7E00EEAE8F /* GlassCard.swift in Sources */ = {isa = PBXBuildFile; fileRef = E828853C2DC6AA7E00EEAE8F /* GlassCard.swift */; };
		E82A72702DA3EDF3005EA6A6 /* PointLineChart.swift in Sources */ = {isa = PBXBuildFile; fileRef = E82A726F2DA3EDF3005EA6A6 /* PointLineChart.swift */; };
		E82A72722DA472DE005EA6A6 /* MeditationLollipopChart.swift in Sources */ = {isa = PBXBuildFile; fileRef = E82A72712DA472DE005EA6A6 /* MeditationLollipopChart.swift */; };
		E82A72742DA47354005EA6A6 /* MeditationLollipopChartView.swift in Sources */ = {isa = PBXBuildFile; fileRef = E82A72732DA47354005EA6A6 /* MeditationLollipopChartView.swift */; };
		E82A72762DA47530005EA6A6 /* MeditationChartModel.swift in Sources */ = {isa = PBXBuildFile; fileRef = E82A72752DA47527005EA6A6 /* MeditationChartModel.swift */; };
		E82A72782DA47DEA005EA6A6 /* ExerciseMultiLineChart.swift in Sources */ = {isa = PBXBuildFile; fileRef = E82A72772DA47DEA005EA6A6 /* ExerciseMultiLineChart.swift */; };
		E832992D2D2DCAB500B5D009 /* GoogleService-Info.plist in Resources */ = {isa = PBXBuildFile; fileRef = E832992C2D2DCAB500B5D009 /* GoogleService-Info.plist */; };
		E83A7EF12C68DFBC00709773 /* CalmCorner.swift in Sources */ = {isa = PBXBuildFile; fileRef = E83A7EF02C68DFBC00709773 /* CalmCorner.swift */; };
		E83A7EF32C68E35F00709773 /* Meditation.swift in Sources */ = {isa = PBXBuildFile; fileRef = E83A7EF22C68E35F00709773 /* Meditation.swift */; };
		E84115062DA1649600CB21DF /* ExerciseMultiLineChartView.swift in Sources */ = {isa = PBXBuildFile; fileRef = E84115052DA1649600CB21DF /* ExerciseMultiLineChartView.swift */; };
		E84115082DA1A1B200CB21DF /* WaterBarChart.swift in Sources */ = {isa = PBXBuildFile; fileRef = E84115072DA1A1B000CB21DF /* WaterBarChart.swift */; };
		E844B82B2C108B30006D54E4 /* SedentaryTime.swift in Sources */ = {isa = PBXBuildFile; fileRef = E844B82A2C108B30006D54E4 /* SedentaryTime.swift */; };
		E847C0F22DB82F2A005BED49 /* BreakItem.swift in Sources */ = {isa = PBXBuildFile; fileRef = E847C0F12DB82F2A005BED49 /* BreakItem.swift */; };
		E847C0F42DB82F3A005BED49 /* BreakDetailsView.swift in Sources */ = {isa = PBXBuildFile; fileRef = E847C0F32DB82F3A005BED49 /* BreakDetailsView.swift */; };
		E847C0F82DB83111005BED49 /* BreakSectionView.swift in Sources */ = {isa = PBXBuildFile; fileRef = E847C0F72DB83111005BED49 /* BreakSectionView.swift */; };
		E84992012C3EB232007F918A /* SiteView.swift in Sources */ = {isa = PBXBuildFile; fileRef = E84992002C3EB232007F918A /* SiteView.swift */; };
		E84B469B2DDBA5C500108CCC /* Secrets.swift in Sources */ = {isa = PBXBuildFile; fileRef = E84B469A2DDBA5C500108CCC /* Secrets.swift */; };
		E85889352DB349E900883430 /* NotificationManager.swift in Sources */ = {isa = PBXBuildFile; fileRef = E85889342DB349E900883430 /* NotificationManager.swift */; };
		E85B4BEF2DF0D4B3003E3142 /* EmailAnimation.json in Resources */ = {isa = PBXBuildFile; fileRef = E85B4BED2DF0D4B3003E3142 /* EmailAnimation.json */; };
		E85B4BF22DF0D61C003E3142 /* Lottie in Frameworks */ = {isa = PBXBuildFile; productRef = E85B4BF12DF0D61C003E3142 /* Lottie */; };
		E85B4BF42DF0D6C2003E3142 /* LottieView.swift in Sources */ = {isa = PBXBuildFile; fileRef = E85B4BF32DF0D6C2003E3142 /* LottieView.swift */; };
		E863CBD62C5A700B009CB2A1 /* MultiLineChartModel.swift in Sources */ = {isa = PBXBuildFile; fileRef = E863CBD52C5A700B009CB2A1 /* MultiLineChartModel.swift */; };
		E866CDEE2D30F2BC00F62142 /* FirebaseFirestore in Frameworks */ = {isa = PBXBuildFile; productRef = E866CDED2D30F2BC00F62142 /* FirebaseFirestore */; };
		E866CDF02D30F2DC00F62142 /* FirebaseStorage in Frameworks */ = {isa = PBXBuildFile; productRef = E866CDEF2D30F2DC00F62142 /* FirebaseStorage */; };
		E866CDFC2D3143F500F62142 /* UserData.swift in Sources */ = {isa = PBXBuildFile; fileRef = E866CDFB2D3143F500F62142 /* UserData.swift */; };
		E866CE042D3151D900F62142 /* UserManager.swift in Sources */ = {isa = PBXBuildFile; fileRef = E866CE032D3151D900F62142 /* UserManager.swift */; };
		E868E3342C5CCE87005DFFE0 /* LocalNotification.swift in Sources */ = {isa = PBXBuildFile; fileRef = E868E3332C5CCE87005DFFE0 /* LocalNotification.swift */; };
		E869831D2C441877007A695F /* StartExerciseView.swift in Sources */ = {isa = PBXBuildFile; fileRef = E869831C2C441877007A695F /* StartExerciseView.swift */; };
		E872E6C72DE9DB56006F4F57 /* DailyWaterGoal.swift in Sources */ = {isa = PBXBuildFile; fileRef = E872E6C62DE9DB56006F4F57 /* DailyWaterGoal.swift */; };
		E872E6C92DE9E99B006F4F57 /* DailySleepGoal.swift in Sources */ = {isa = PBXBuildFile; fileRef = E872E6C82DE9E99B006F4F57 /* DailySleepGoal.swift */; };
		E872E6CB2DE9F294006F4F57 /* DailyStepsGoal.swift in Sources */ = {isa = PBXBuildFile; fileRef = E872E6CA2DE9F294006F4F57 /* DailyStepsGoal.swift */; };
		E874A9FF2BFB53A50075644C /* UnChair_iOSApp.swift in Sources */ = {isa = PBXBuildFile; fileRef = E874A9FE2BFB53A50075644C /* UnChair_iOSApp.swift */; };
		E874AA012BFB53A50075644C /* ContentView.swift in Sources */ = {isa = PBXBuildFile; fileRef = E874AA002BFB53A50075644C /* ContentView.swift */; };
		E874AA032BFB53A60075644C /* Assets.xcassets in Resources */ = {isa = PBXBuildFile; fileRef = E874AA022BFB53A60075644C /* Assets.xcassets */; };
		E874AA062BFB53A60075644C /* Preview Assets.xcassets in Resources */ = {isa = PBXBuildFile; fileRef = E874AA052BFB53A60075644C /* Preview Assets.xcassets */; };
		E8817BAB2DEEE9150036A426 /* OnBoardingCompletionView.swift in Sources */ = {isa = PBXBuildFile; fileRef = E8817BAA2DEEE9150036A426 /* OnBoardingCompletionView.swift */; };
		E8817BAD2DEF506F0036A426 /* VerificationView.swift in Sources */ = {isa = PBXBuildFile; fileRef = E8817BAC2DEF506F0036A426 /* VerificationView.swift */; };
		E8817BAF2DEF575A0036A426 /* SigninView.swift in Sources */ = {isa = PBXBuildFile; fileRef = E8817BAE2DEF575A0036A426 /* SigninView.swift */; };
		E8817BB12DEF57910036A426 /* SignupView.swift in Sources */ = {isa = PBXBuildFile; fileRef = E8817BB02DEF57910036A426 /* SignupView.swift */; };
		E8829A4B2C3AAD8900B197DD /* DailySleepView.swift in Sources */ = {isa = PBXBuildFile; fileRef = E8829A4A2C3AAD8900B197DD /* DailySleepView.swift */; };
		E8829A4D2C3AAE8800B197DD /* DailyStepsView.swift in Sources */ = {isa = PBXBuildFile; fileRef = E8829A4C2C3AAE8800B197DD /* DailyStepsView.swift */; };
		E8829A4F2C3AB16300B197DD /* DailyWaterView.swift in Sources */ = {isa = PBXBuildFile; fileRef = E8829A4E2C3AB16300B197DD /* DailyWaterView.swift */; };
		E89507A42C865842002FDAA4 /* OnBoarding.swift in Sources */ = {isa = PBXBuildFile; fileRef = E89507A32C865842002FDAA4 /* OnBoarding.swift */; };
		E899A4192C6BE73E0042C5CC /* count_down.mp3 in Resources */ = {isa = PBXBuildFile; fileRef = E899A4182C6BE73E0042C5CC /* count_down.mp3 */; };
		E899A41B2C6BEBBF0042C5CC /* single_beep.mp3 in Resources */ = {isa = PBXBuildFile; fileRef = E899A41A2C6BEBBF0042C5CC /* single_beep.mp3 */; };
		E89F481F2CE7488200B71FA5 /* FirebaseAuth in Frameworks */ = {isa = PBXBuildFile; productRef = E89F481E2CE7488200B71FA5 /* FirebaseAuth */; };
		E89F48222CE748C300B71FA5 /* GoogleSignIn in Frameworks */ = {isa = PBXBuildFile; productRef = E89F48212CE748C300B71FA5 /* GoogleSignIn */; };
		E89F48242CE748C300B71FA5 /* GoogleSignInSwift in Frameworks */ = {isa = PBXBuildFile; productRef = E89F48232CE748C300B71FA5 /* GoogleSignInSwift */; };
		E8A50ADF2DF1913E005F41D2 /* ForgotPasswordView.swift in Sources */ = {isa = PBXBuildFile; fileRef = E8A50ADE2DF1913E005F41D2 /* ForgotPasswordView.swift */; };
		E8A84F7A2C2D39F400900714 /* HCalendarView.swift in Sources */ = {isa = PBXBuildFile; fileRef = E8A84F792C2D39F400900714 /* HCalendarView.swift */; };
		E8AFBAA22C9C45B200AEE292 /* ExerciseBarChartView.swift in Sources */ = {isa = PBXBuildFile; fileRef = E8AFBA9A2C9C45B100AEE292 /* ExerciseBarChartView.swift */; };
		E8AFBAA32C9C45B200AEE292 /* SleepCapsuleChart.swift in Sources */ = {isa = PBXBuildFile; fileRef = E8AFBA9B2C9C45B100AEE292 /* SleepCapsuleChart.swift */; };
		E8AFBAA42C9C45B200AEE292 /* SleepCapsuleChartView.swift in Sources */ = {isa = PBXBuildFile; fileRef = E8AFBA9C2C9C45B100AEE292 /* SleepCapsuleChartView.swift */; };
		E8AFBAA52C9C45B200AEE292 /* StepsLineChart.swift in Sources */ = {isa = PBXBuildFile; fileRef = E8AFBA9D2C9C45B100AEE292 /* StepsLineChart.swift */; };
		E8AFBAA62C9C45B200AEE292 /* WaterBarChart2.swift in Sources */ = {isa = PBXBuildFile; fileRef = E8AFBA9E2C9C45B200AEE292 /* WaterBarChart2.swift */; };
		E8AFBAA72C9C45B200AEE292 /* ExerciseBarChart.swift in Sources */ = {isa = PBXBuildFile; fileRef = E8AFBA9F2C9C45B200AEE292 /* ExerciseBarChart.swift */; };
		E8AFBAA82C9C45B200AEE292 /* StepsLineChartView.swift in Sources */ = {isa = PBXBuildFile; fileRef = E8AFBAA02C9C45B200AEE292 /* StepsLineChartView.swift */; };
		E8AFBAA92C9C45B200AEE292 /* WaterBarChartView.swift in Sources */ = {isa = PBXBuildFile; fileRef = E8AFBAA12C9C45B200AEE292 /* WaterBarChartView.swift */; };
		E8AFBAAB2C9C45D600AEE292 /* ExerciseChartModel.swift in Sources */ = {isa = PBXBuildFile; fileRef = E8AFBAAA2C9C45D600AEE292 /* ExerciseChartModel.swift */; };
		E8AFBAAD2C9C460600AEE292 /* DataFetcher.swift in Sources */ = {isa = PBXBuildFile; fileRef = E8AFBAAC2C9C460600AEE292 /* DataFetcher.swift */; };
		E8AFBAAF2C9C462F00AEE292 /* AnalyticScreen.swift in Sources */ = {isa = PBXBuildFile; fileRef = E8AFBAAE2C9C462F00AEE292 /* AnalyticScreen.swift */; };
		E8AFFFD82C32B3750002815E /* ActiveHour.swift in Sources */ = {isa = PBXBuildFile; fileRef = E8AFFFD72C32B3750002815E /* ActiveHour.swift */; };
		E8B812362C33ECC400698849 /* EditProfile.swift in Sources */ = {isa = PBXBuildFile; fileRef = E8B812352C33ECC400698849 /* EditProfile.swift */; };
		E8B9A2E22C54CCAE003127CC /* QuickBreakView.swift in Sources */ = {isa = PBXBuildFile; fileRef = E8B9A2E12C54CCAE003127CC /* QuickBreakView.swift */; };
		E8B9A2E42C555728003127CC /* BreakModel.swift in Sources */ = {isa = PBXBuildFile; fileRef = E8B9A2E32C555728003127CC /* BreakModel.swift */; };
		E8B9A2E92C556C55003127CC /* DetailsBreakView.swift in Sources */ = {isa = PBXBuildFile; fileRef = E8B9A2E82C556C55003127CC /* DetailsBreakView.swift */; };
		E8BB4E322BFD0A5E00C1459C /* HomeScreen.swift in Sources */ = {isa = PBXBuildFile; fileRef = E8BB4E312BFD0A5E00C1459C /* HomeScreen.swift */; };
		E8BB4E362BFD0AEF00C1459C /* SettingsScreen.swift in Sources */ = {isa = PBXBuildFile; fileRef = E8BB4E352BFD0AEF00C1459C /* SettingsScreen.swift */; };
		E8BE39B72DDBD885006F48B1 /* configurationTest.storekit in Resources */ = {isa = PBXBuildFile; fileRef = E8BE39B62DDBD885006F48B1 /* configurationTest.storekit */; };
		E8BE39B92DDBD9A9006F48B1 /* StoreKitTestCertificate.cer in Resources */ = {isa = PBXBuildFile; fileRef = E8BE39B82DDBD9A9006F48B1 /* StoreKitTestCertificate.cer */; };
		E8C01E082CFE157F0073C616 /* AuthController.swift in Sources */ = {isa = PBXBuildFile; fileRef = E8C01E072CFE15790073C616 /* AuthController.swift */; };
		E8C01E0A2CFE166B0073C616 /* AuthState.swift in Sources */ = {isa = PBXBuildFile; fileRef = E8C01E092CFE16670073C616 /* AuthState.swift */; };
		E8C01E0C2CFE16920073C616 /* MainView.swift in Sources */ = {isa = PBXBuildFile; fileRef = E8C01E0B2CFE16900073C616 /* MainView.swift */; };
		E8C01E0E2CFE17F00073C616 /* AppDelegate.swift in Sources */ = {isa = PBXBuildFile; fileRef = E8C01E0D2CFE17E50073C616 /* AppDelegate.swift */; };
		E8C5AC112DEAD8F400E27B78 /* StepsSelectionView.swift in Sources */ = {isa = PBXBuildFile; fileRef = E8C5AC102DEAD8F400E27B78 /* StepsSelectionView.swift */; };
		E8C5AC152DEB175300E27B78 /* WorkHourSelectionView.swift in Sources */ = {isa = PBXBuildFile; fileRef = E8C5AC142DEB175300E27B78 /* WorkHourSelectionView.swift */; };
		E8C5AC172DEB5F7500E27B78 /* WaterSelectionView.swift in Sources */ = {isa = PBXBuildFile; fileRef = E8C5AC162DEB5F7500E27B78 /* WaterSelectionView.swift */; };
		E8C5AC192DEB6AEA00E27B78 /* SleepSelectionView.swift in Sources */ = {isa = PBXBuildFile; fileRef = E8C5AC182DEB6AEA00E27B78 /* SleepSelectionView.swift */; };
		E8C5AC1B2DEB7C7700E27B78 /* BreakIntervalSelectionView.swift in Sources */ = {isa = PBXBuildFile; fileRef = E8C5AC1A2DEB7C7700E27B78 /* BreakIntervalSelectionView.swift */; };
		E8C859692DEE3BE50028981B /* WelcomOnBoardingView.swift in Sources */ = {isa = PBXBuildFile; fileRef = E8C859682DEE3BE50028981B /* WelcomOnBoardingView.swift */; };
		E8CBDDAA2DD89988008E3E96 /* RevenueCat in Frameworks */ = {isa = PBXBuildFile; productRef = E8CBDDA92DD89988008E3E96 /* RevenueCat */; };
		E8CBDDAC2DD89988008E3E96 /* RevenueCatUI in Frameworks */ = {isa = PBXBuildFile; productRef = E8CBDDAB2DD89988008E3E96 /* RevenueCatUI */; };
		E8CBDDAE2DD899FA008E3E96 /* StoreKit.framework in Frameworks */ = {isa = PBXBuildFile; fileRef = E8CBDDAD2DD899FA008E3E96 /* StoreKit.framework */; };
		E8D2006A2C5D3F67002EB719 /* BreakTime.swift in Sources */ = {isa = PBXBuildFile; fileRef = E8D200692C5D3F67002EB719 /* BreakTime.swift */; };
		E8D2006C2C5D467E002EB719 /* TimeDuration.swift in Sources */ = {isa = PBXBuildFile; fileRef = E8D2006B2C5D467E002EB719 /* TimeDuration.swift */; };
		E8D2BA7B2C84897400BEEAAF /* Authentication.swift in Sources */ = {isa = PBXBuildFile; fileRef = E8D2BA7A2C84897400BEEAAF /* Authentication.swift */; };
		E8D6BDB32DE89CC0006DBD8A /* ManageSubscription.swift in Sources */ = {isa = PBXBuildFile; fileRef = E8D6BDB22DE89CC0006DBD8A /* ManageSubscription.swift */; };
		E8D787032C9941CC00BA83A0 /* WaterChartModel.swift in Sources */ = {isa = PBXBuildFile; fileRef = E8D786FF2C9941CC00BA83A0 /* WaterChartModel.swift */; };
		E8D787042C9941CC00BA83A0 /* StepsChartModel.swift in Sources */ = {isa = PBXBuildFile; fileRef = E8D787002C9941CC00BA83A0 /* StepsChartModel.swift */; };
		E8D787052C9941CC00BA83A0 /* SleepChartModel.swift in Sources */ = {isa = PBXBuildFile; fileRef = E8D787012C9941CC00BA83A0 /* SleepChartModel.swift */; };
		E8DB22842D71EECC001172B5 /* HealthDataService.swift in Sources */ = {isa = PBXBuildFile; fileRef = E8DB22832D71EECC001172B5 /* HealthDataService.swift */; };
		E8E6CD602DAFAB89006C959A /* SettingsManager.swift in Sources */ = {isa = PBXBuildFile; fileRef = E8E6CD5F2DAFAB89006C959A /* SettingsManager.swift */; };
		E8E787CC2D431DCE0091EE28 /* FirestoreService.swift in Sources */ = {isa = PBXBuildFile; fileRef = E8E787CB2D431DCE0091EE28 /* FirestoreService.swift */; };
		E8EC87482DF2293000ABE150 /* AuthenticatedView.swift in Sources */ = {isa = PBXBuildFile; fileRef = E8EC87472DF2293000ABE150 /* AuthenticatedView.swift */; };
		E8FB19A32D882CF700A5CF82 /* HealthDataViewModel.swift in Sources */ = {isa = PBXBuildFile; fileRef = E8FB19A22D882CF600A5CF82 /* HealthDataViewModel.swift */; };
		E8FE7D132DE8590500D9779F /* WebView.swift in Sources */ = {isa = PBXBuildFile; fileRef = E8FE7D122DE8590500D9779F /* WebView.swift */; };
		E8FE7D172DE87A2E00D9779F /* AboutView.swift in Sources */ = {isa = PBXBuildFile; fileRef = E8FE7D162DE87A2E00D9779F /* AboutView.swift */; };
		E8FE7D192DE87A4C00D9779F /* TermsOfUseView.swift in Sources */ = {isa = PBXBuildFile; fileRef = E8FE7D182DE87A4C00D9779F /* TermsOfUseView.swift */; };
		E8FE7D1B2DE87A5600D9779F /* PrivacyPolicyView.swift in Sources */ = {isa = PBXBuildFile; fileRef = E8FE7D1A2DE87A5600D9779F /* PrivacyPolicyView.swift */; };
		E8FF2F4B2C58F6BC00E9974E /* FeedbackView.swift in Sources */ = {isa = PBXBuildFile; fileRef = E8FF2F4A2C58F6BC00E9974E /* FeedbackView.swift */; };
		E8FF2F4D2C59041D00E9974E /* ContactUsView.swift in Sources */ = {isa = PBXBuildFile; fileRef = E8FF2F4C2C59041D00E9974E /* ContactUsView.swift */; };
/* End PBXBuildFile section */

/* Begin PBXCopyFilesBuildPhase section */
		E8BF0B082DF0CC5300846885 /* Embed Frameworks */ = {
			isa = PBXCopyFilesBuildPhase;
			buildActionMask = 2147483647;
			dstPath = "";
			dstSubfolderSpec = 10;
			files = (
			);
			name = "Embed Frameworks";
			runOnlyForDeploymentPostprocessing = 0;
		};
/* End PBXCopyFilesBuildPhase section */

/* Begin PBXFileReference section */
		E802683E2C317E0900F026F1 /* HeaderView.swift */ = {isa = PBXFileReference; lastKnownFileType = sourcecode.swift; path = HeaderView.swift; sourceTree = "<group>"; };
		E81E099E2CFA381700FFF547 /* DLMode.swift */ = {isa = PBXFileReference; lastKnownFileType = sourcecode.swift; path = DLMode.swift; sourceTree = "<group>"; };
		E826D5F42C3D70FD00B00579 /* DailyTracking.swift */ = {isa = PBXFileReference; lastKnownFileType = sourcecode.swift; path = DailyTracking.swift; sourceTree = "<group>"; };
		E828853C2DC6AA7E00EEAE8F /* GlassCard.swift */ = {isa = PBXFileReference; lastKnownFileType = sourcecode.swift; path = GlassCard.swift; sourceTree = "<group>"; };
		E82A726F2DA3EDF3005EA6A6 /* PointLineChart.swift */ = {isa = PBXFileReference; lastKnownFileType = sourcecode.swift; path = PointLineChart.swift; sourceTree = "<group>"; };
		E82A72712DA472DE005EA6A6 /* MeditationLollipopChart.swift */ = {isa = PBXFileReference; lastKnownFileType = sourcecode.swift; path = MeditationLollipopChart.swift; sourceTree = "<group>"; };
		E82A72732DA47354005EA6A6 /* MeditationLollipopChartView.swift */ = {isa = PBXFileReference; lastKnownFileType = sourcecode.swift; path = MeditationLollipopChartView.swift; sourceTree = "<group>"; };
		E82A72752DA47527005EA6A6 /* MeditationChartModel.swift */ = {isa = PBXFileReference; lastKnownFileType = sourcecode.swift; path = MeditationChartModel.swift; sourceTree = "<group>"; };
		E82A72772DA47DEA005EA6A6 /* ExerciseMultiLineChart.swift */ = {isa = PBXFileReference; lastKnownFileType = sourcecode.swift; path = ExerciseMultiLineChart.swift; sourceTree = "<group>"; };
		E832992C2D2DCAB500B5D009 /* GoogleService-Info.plist */ = {isa = PBXFileReference; lastKnownFileType = text.plist.xml; path = "GoogleService-Info.plist"; sourceTree = "<group>"; };
		E83A7EF02C68DFBC00709773 /* CalmCorner.swift */ = {isa = PBXFileReference; lastKnownFileType = sourcecode.swift; path = CalmCorner.swift; sourceTree = "<group>"; };
		E83A7EF22C68E35F00709773 /* Meditation.swift */ = {isa = PBXFileReference; lastKnownFileType = sourcecode.swift; path = Meditation.swift; sourceTree = "<group>"; };
		E84115052DA1649600CB21DF /* ExerciseMultiLineChartView.swift */ = {isa = PBXFileReference; lastKnownFileType = sourcecode.swift; path = ExerciseMultiLineChartView.swift; sourceTree = "<group>"; };
		E84115072DA1A1B000CB21DF /* WaterBarChart.swift */ = {isa = PBXFileReference; lastKnownFileType = sourcecode.swift; path = WaterBarChart.swift; sourceTree = "<group>"; };
		E844B82A2C108B30006D54E4 /* SedentaryTime.swift */ = {isa = PBXFileReference; lastKnownFileType = sourcecode.swift; path = SedentaryTime.swift; sourceTree = "<group>"; };
		E847C0F12DB82F2A005BED49 /* BreakItem.swift */ = {isa = PBXFileReference; lastKnownFileType = sourcecode.swift; path = BreakItem.swift; sourceTree = "<group>"; };
		E847C0F32DB82F3A005BED49 /* BreakDetailsView.swift */ = {isa = PBXFileReference; lastKnownFileType = sourcecode.swift; path = BreakDetailsView.swift; sourceTree = "<group>"; };
		E847C0F72DB83111005BED49 /* BreakSectionView.swift */ = {isa = PBXFileReference; lastKnownFileType = sourcecode.swift; path = BreakSectionView.swift; sourceTree = "<group>"; };
		E84992002C3EB232007F918A /* SiteView.swift */ = {isa = PBXFileReference; lastKnownFileType = sourcecode.swift; path = SiteView.swift; sourceTree = "<group>"; };
		E84B469A2DDBA5C500108CCC /* Secrets.swift */ = {isa = PBXFileReference; lastKnownFileType = sourcecode.swift; path = Secrets.swift; sourceTree = "<group>"; };
		E85889342DB349E900883430 /* NotificationManager.swift */ = {isa = PBXFileReference; lastKnownFileType = sourcecode.swift; path = NotificationManager.swift; sourceTree = "<group>"; };
		E85B4BED2DF0D4B3003E3142 /* EmailAnimation.json */ = {isa = PBXFileReference; lastKnownFileType = text.json; path = EmailAnimation.json; sourceTree = "<group>"; };
		E85B4BF32DF0D6C2003E3142 /* LottieView.swift */ = {isa = PBXFileReference; lastKnownFileType = sourcecode.swift; path = LottieView.swift; sourceTree = "<group>"; };
		E863CBD52C5A700B009CB2A1 /* MultiLineChartModel.swift */ = {isa = PBXFileReference; lastKnownFileType = sourcecode.swift; path = MultiLineChartModel.swift; sourceTree = "<group>"; };
		E866CDFB2D3143F500F62142 /* UserData.swift */ = {isa = PBXFileReference; lastKnownFileType = sourcecode.swift; name = UserData.swift; path = "UnChair-iOS/Core/Authentication/UserData.swift"; sourceTree = SOURCE_ROOT; };
		E866CE032D3151D900F62142 /* UserManager.swift */ = {isa = PBXFileReference; lastKnownFileType = sourcecode.swift; path = UserManager.swift; sourceTree = "<group>"; };
		E868E3332C5CCE87005DFFE0 /* LocalNotification.swift */ = {isa = PBXFileReference; lastKnownFileType = sourcecode.swift; path = LocalNotification.swift; sourceTree = "<group>"; };
		E869831C2C441877007A695F /* StartExerciseView.swift */ = {isa = PBXFileReference; lastKnownFileType = sourcecode.swift; path = StartExerciseView.swift; sourceTree = "<group>"; };
		E872E6C62DE9DB56006F4F57 /* DailyWaterGoal.swift */ = {isa = PBXFileReference; lastKnownFileType = sourcecode.swift; path = DailyWaterGoal.swift; sourceTree = "<group>"; };
		E872E6C82DE9E99B006F4F57 /* DailySleepGoal.swift */ = {isa = PBXFileReference; lastKnownFileType = sourcecode.swift; path = DailySleepGoal.swift; sourceTree = "<group>"; };
		E872E6CA2DE9F294006F4F57 /* DailyStepsGoal.swift */ = {isa = PBXFileReference; lastKnownFileType = sourcecode.swift; path = DailyStepsGoal.swift; sourceTree = "<group>"; };
		E874A9FB2BFB53A50075644C /* UnChair-iOS.app */ = {isa = PBXFileReference; explicitFileType = wrapper.application; includeInIndex = 0; path = "UnChair-iOS.app"; sourceTree = BUILT_PRODUCTS_DIR; };
		E874A9FE2BFB53A50075644C /* UnChair_iOSApp.swift */ = {isa = PBXFileReference; lastKnownFileType = sourcecode.swift; path = UnChair_iOSApp.swift; sourceTree = "<group>"; };
		E874AA002BFB53A50075644C /* ContentView.swift */ = {isa = PBXFileReference; lastKnownFileType = sourcecode.swift; path = ContentView.swift; sourceTree = "<group>"; };
		E874AA022BFB53A60075644C /* Assets.xcassets */ = {isa = PBXFileReference; lastKnownFileType = folder.assetcatalog; path = Assets.xcassets; sourceTree = "<group>"; };
		E874AA052BFB53A60075644C /* Preview Assets.xcassets */ = {isa = PBXFileReference; lastKnownFileType = folder.assetcatalog; path = "Preview Assets.xcassets"; sourceTree = "<group>"; };
		E8817BAA2DEEE9150036A426 /* OnBoardingCompletionView.swift */ = {isa = PBXFileReference; lastKnownFileType = sourcecode.swift; path = OnBoardingCompletionView.swift; sourceTree = "<group>"; };
		E8817BAC2DEF506F0036A426 /* VerificationView.swift */ = {isa = PBXFileReference; lastKnownFileType = sourcecode.swift; path = VerificationView.swift; sourceTree = "<group>"; };
		E8817BAE2DEF575A0036A426 /* SigninView.swift */ = {isa = PBXFileReference; lastKnownFileType = sourcecode.swift; path = SigninView.swift; sourceTree = "<group>"; };
		E8817BB02DEF57910036A426 /* SignupView.swift */ = {isa = PBXFileReference; lastKnownFileType = sourcecode.swift; path = SignupView.swift; sourceTree = "<group>"; };
		E8829A4A2C3AAD8900B197DD /* DailySleepView.swift */ = {isa = PBXFileReference; lastKnownFileType = sourcecode.swift; path = DailySleepView.swift; sourceTree = "<group>"; };
		E8829A4C2C3AAE8800B197DD /* DailyStepsView.swift */ = {isa = PBXFileReference; lastKnownFileType = sourcecode.swift; path = DailyStepsView.swift; sourceTree = "<group>"; };
		E8829A4E2C3AB16300B197DD /* DailyWaterView.swift */ = {isa = PBXFileReference; lastKnownFileType = sourcecode.swift; path = DailyWaterView.swift; sourceTree = "<group>"; };
		E884D3212C726A4C0075A323 /* Info.plist */ = {isa = PBXFileReference; lastKnownFileType = text.plist; path = Info.plist; sourceTree = "<group>"; };
		E89507A32C865842002FDAA4 /* OnBoarding.swift */ = {isa = PBXFileReference; fileEncoding = 4; lastKnownFileType = sourcecode.swift; path = OnBoarding.swift; sourceTree = "<group>"; };
		E899A4182C6BE73E0042C5CC /* count_down.mp3 */ = {isa = PBXFileReference; lastKnownFileType = audio.mp3; path = count_down.mp3; sourceTree = "<group>"; };
		E899A41A2C6BEBBF0042C5CC /* single_beep.mp3 */ = {isa = PBXFileReference; lastKnownFileType = audio.mp3; path = single_beep.mp3; sourceTree = "<group>"; };
		E8A50ADE2DF1913E005F41D2 /* ForgotPasswordView.swift */ = {isa = PBXFileReference; lastKnownFileType = sourcecode.swift; path = ForgotPasswordView.swift; sourceTree = "<group>"; };
		E8A84F792C2D39F400900714 /* HCalendarView.swift */ = {isa = PBXFileReference; lastKnownFileType = sourcecode.swift; path = HCalendarView.swift; sourceTree = "<group>"; };
		E8AFBA9A2C9C45B100AEE292 /* ExerciseBarChartView.swift */ = {isa = PBXFileReference; fileEncoding = 4; lastKnownFileType = sourcecode.swift; path = ExerciseBarChartView.swift; sourceTree = "<group>"; };
		E8AFBA9B2C9C45B100AEE292 /* SleepCapsuleChart.swift */ = {isa = PBXFileReference; fileEncoding = 4; lastKnownFileType = sourcecode.swift; path = SleepCapsuleChart.swift; sourceTree = "<group>"; };
		E8AFBA9C2C9C45B100AEE292 /* SleepCapsuleChartView.swift */ = {isa = PBXFileReference; fileEncoding = 4; lastKnownFileType = sourcecode.swift; path = SleepCapsuleChartView.swift; sourceTree = "<group>"; };
		E8AFBA9D2C9C45B100AEE292 /* StepsLineChart.swift */ = {isa = PBXFileReference; fileEncoding = 4; lastKnownFileType = sourcecode.swift; path = StepsLineChart.swift; sourceTree = "<group>"; };
		E8AFBA9E2C9C45B200AEE292 /* WaterBarChart2.swift */ = {isa = PBXFileReference; fileEncoding = 4; lastKnownFileType = sourcecode.swift; path = WaterBarChart2.swift; sourceTree = "<group>"; };
		E8AFBA9F2C9C45B200AEE292 /* ExerciseBarChart.swift */ = {isa = PBXFileReference; fileEncoding = 4; lastKnownFileType = sourcecode.swift; path = ExerciseBarChart.swift; sourceTree = "<group>"; };
		E8AFBAA02C9C45B200AEE292 /* StepsLineChartView.swift */ = {isa = PBXFileReference; fileEncoding = 4; lastKnownFileType = sourcecode.swift; path = StepsLineChartView.swift; sourceTree = "<group>"; };
		E8AFBAA12C9C45B200AEE292 /* WaterBarChartView.swift */ = {isa = PBXFileReference; fileEncoding = 4; lastKnownFileType = sourcecode.swift; path = WaterBarChartView.swift; sourceTree = "<group>"; };
		E8AFBAAA2C9C45D600AEE292 /* ExerciseChartModel.swift */ = {isa = PBXFileReference; fileEncoding = 4; lastKnownFileType = sourcecode.swift; path = ExerciseChartModel.swift; sourceTree = "<group>"; };
		E8AFBAAC2C9C460600AEE292 /* DataFetcher.swift */ = {isa = PBXFileReference; fileEncoding = 4; lastKnownFileType = sourcecode.swift; path = DataFetcher.swift; sourceTree = "<group>"; };
		E8AFBAAE2C9C462F00AEE292 /* AnalyticScreen.swift */ = {isa = PBXFileReference; fileEncoding = 4; lastKnownFileType = sourcecode.swift; path = AnalyticScreen.swift; sourceTree = "<group>"; };
		E8AFFFD72C32B3750002815E /* ActiveHour.swift */ = {isa = PBXFileReference; lastKnownFileType = sourcecode.swift; path = ActiveHour.swift; sourceTree = "<group>"; };
		E8B2B4E92C7BA32C00091FAF /* UnChair-iOS.entitlements */ = {isa = PBXFileReference; lastKnownFileType = text.plist.entitlements; path = "UnChair-iOS.entitlements"; sourceTree = "<group>"; };
		E8B812352C33ECC400698849 /* EditProfile.swift */ = {isa = PBXFileReference; lastKnownFileType = sourcecode.swift; path = EditProfile.swift; sourceTree = "<group>"; };
		E8B9A2E12C54CCAE003127CC /* QuickBreakView.swift */ = {isa = PBXFileReference; lastKnownFileType = sourcecode.swift; path = QuickBreakView.swift; sourceTree = "<group>"; };
		E8B9A2E32C555728003127CC /* BreakModel.swift */ = {isa = PBXFileReference; lastKnownFileType = sourcecode.swift; path = BreakModel.swift; sourceTree = "<group>"; };
		E8B9A2E82C556C55003127CC /* DetailsBreakView.swift */ = {isa = PBXFileReference; lastKnownFileType = sourcecode.swift; path = DetailsBreakView.swift; sourceTree = "<group>"; };
		E8BB4E312BFD0A5E00C1459C /* HomeScreen.swift */ = {isa = PBXFileReference; lastKnownFileType = sourcecode.swift; path = HomeScreen.swift; sourceTree = "<group>"; };
		E8BB4E352BFD0AEF00C1459C /* SettingsScreen.swift */ = {isa = PBXFileReference; lastKnownFileType = sourcecode.swift; path = SettingsScreen.swift; sourceTree = "<group>"; };
		E8BE39B62DDBD885006F48B1 /* configurationTest.storekit */ = {isa = PBXFileReference; lastKnownFileType = text; path = configurationTest.storekit; sourceTree = "<group>"; };
		E8BE39B82DDBD9A9006F48B1 /* StoreKitTestCertificate.cer */ = {isa = PBXFileReference; lastKnownFileType = file; path = StoreKitTestCertificate.cer; sourceTree = "<group>"; };
		E8C01E072CFE15790073C616 /* AuthController.swift */ = {isa = PBXFileReference; lastKnownFileType = sourcecode.swift; path = AuthController.swift; sourceTree = "<group>"; };
		E8C01E092CFE16670073C616 /* AuthState.swift */ = {isa = PBXFileReference; lastKnownFileType = sourcecode.swift; path = AuthState.swift; sourceTree = "<group>"; };
		E8C01E0B2CFE16900073C616 /* MainView.swift */ = {isa = PBXFileReference; lastKnownFileType = sourcecode.swift; path = MainView.swift; sourceTree = "<group>"; };
		E8C01E0D2CFE17E50073C616 /* AppDelegate.swift */ = {isa = PBXFileReference; lastKnownFileType = sourcecode.swift; path = AppDelegate.swift; sourceTree = "<group>"; };
		E8C5AC102DEAD8F400E27B78 /* StepsSelectionView.swift */ = {isa = PBXFileReference; lastKnownFileType = sourcecode.swift; path = StepsSelectionView.swift; sourceTree = "<group>"; };
		E8C5AC142DEB175300E27B78 /* WorkHourSelectionView.swift */ = {isa = PBXFileReference; lastKnownFileType = sourcecode.swift; path = WorkHourSelectionView.swift; sourceTree = "<group>"; };
		E8C5AC162DEB5F7500E27B78 /* WaterSelectionView.swift */ = {isa = PBXFileReference; lastKnownFileType = sourcecode.swift; path = WaterSelectionView.swift; sourceTree = "<group>"; };
		E8C5AC182DEB6AEA00E27B78 /* SleepSelectionView.swift */ = {isa = PBXFileReference; lastKnownFileType = sourcecode.swift; path = SleepSelectionView.swift; sourceTree = "<group>"; };
		E8C5AC1A2DEB7C7700E27B78 /* BreakIntervalSelectionView.swift */ = {isa = PBXFileReference; lastKnownFileType = sourcecode.swift; path = BreakIntervalSelectionView.swift; sourceTree = "<group>"; };
		E8C859682DEE3BE50028981B /* WelcomOnBoardingView.swift */ = {isa = PBXFileReference; lastKnownFileType = sourcecode.swift; path = WelcomOnBoardingView.swift; sourceTree = "<group>"; };
		E8CBDDAD2DD899FA008E3E96 /* StoreKit.framework */ = {isa = PBXFileReference; lastKnownFileType = wrapper.framework; name = StoreKit.framework; path = System/Library/Frameworks/StoreKit.framework; sourceTree = SDKROOT; };
		E8D200692C5D3F67002EB719 /* BreakTime.swift */ = {isa = PBXFileReference; lastKnownFileType = sourcecode.swift; path = BreakTime.swift; sourceTree = "<group>"; };
		E8D2006B2C5D467E002EB719 /* TimeDuration.swift */ = {isa = PBXFileReference; lastKnownFileType = sourcecode.swift; path = TimeDuration.swift; sourceTree = "<group>"; };
		E8D2BA7A2C84897400BEEAAF /* Authentication.swift */ = {isa = PBXFileReference; lastKnownFileType = sourcecode.swift; path = Authentication.swift; sourceTree = "<group>"; };
		E8D6BDB22DE89CC0006DBD8A /* ManageSubscription.swift */ = {isa = PBXFileReference; lastKnownFileType = sourcecode.swift; path = ManageSubscription.swift; sourceTree = "<group>"; };
		E8D786FF2C9941CC00BA83A0 /* WaterChartModel.swift */ = {isa = PBXFileReference; fileEncoding = 4; lastKnownFileType = sourcecode.swift; name = WaterChartModel.swift; path = ../../../../../../../ModuleDraft/ModuleDraft/Code/Features/Chart/Models/WaterChartModel.swift; sourceTree = "<group>"; };
		E8D787002C9941CC00BA83A0 /* StepsChartModel.swift */ = {isa = PBXFileReference; fileEncoding = 4; lastKnownFileType = sourcecode.swift; path = StepsChartModel.swift; sourceTree = "<group>"; };
		E8D787012C9941CC00BA83A0 /* SleepChartModel.swift */ = {isa = PBXFileReference; fileEncoding = 4; lastKnownFileType = sourcecode.swift; path = SleepChartModel.swift; sourceTree = "<group>"; };
		E8DB22832D71EECC001172B5 /* HealthDataService.swift */ = {isa = PBXFileReference; lastKnownFileType = sourcecode.swift; path = HealthDataService.swift; sourceTree = "<group>"; };
		E8E6CD5F2DAFAB89006C959A /* SettingsManager.swift */ = {isa = PBXFileReference; lastKnownFileType = sourcecode.swift; path = SettingsManager.swift; sourceTree = "<group>"; };
		E8E787CB2D431DCE0091EE28 /* FirestoreService.swift */ = {isa = PBXFileReference; lastKnownFileType = sourcecode.swift; path = FirestoreService.swift; sourceTree = "<group>"; };
		E8EC87472DF2293000ABE150 /* AuthenticatedView.swift */ = {isa = PBXFileReference; lastKnownFileType = sourcecode.swift; path = AuthenticatedView.swift; sourceTree = "<group>"; };
		E8FB19A22D882CF600A5CF82 /* HealthDataViewModel.swift */ = {isa = PBXFileReference; lastKnownFileType = sourcecode.swift; path = HealthDataViewModel.swift; sourceTree = "<group>"; };
		E8FE7D122DE8590500D9779F /* WebView.swift */ = {isa = PBXFileReference; lastKnownFileType = sourcecode.swift; path = WebView.swift; sourceTree = "<group>"; };
		E8FE7D162DE87A2E00D9779F /* AboutView.swift */ = {isa = PBXFileReference; lastKnownFileType = sourcecode.swift; path = AboutView.swift; sourceTree = "<group>"; };
		E8FE7D182DE87A4C00D9779F /* TermsOfUseView.swift */ = {isa = PBXFileReference; lastKnownFileType = sourcecode.swift; path = TermsOfUseView.swift; sourceTree = "<group>"; };
		E8FE7D1A2DE87A5600D9779F /* PrivacyPolicyView.swift */ = {isa = PBXFileReference; lastKnownFileType = sourcecode.swift; path = PrivacyPolicyView.swift; sourceTree = "<group>"; };
		E8FF2F4A2C58F6BC00E9974E /* FeedbackView.swift */ = {isa = PBXFileReference; lastKnownFileType = sourcecode.swift; path = FeedbackView.swift; sourceTree = "<group>"; };
		E8FF2F4C2C59041D00E9974E /* ContactUsView.swift */ = {isa = PBXFileReference; lastKnownFileType = sourcecode.swift; path = ContactUsView.swift; sourceTree = "<group>"; };
/* End PBXFileReference section */

/* Begin PBXFrameworksBuildPhase section */
		E874A9F82BFB53A50075644C /* Frameworks */ = {
			isa = PBXFrameworksBuildPhase;
			buildActionMask = 2147483647;
			files = (
				E89F48242CE748C300B71FA5 /* GoogleSignInSwift in Frameworks */,
				E866CDEE2D30F2BC00F62142 /* FirebaseFirestore in Frameworks */,
				E85B4BF22DF0D61C003E3142 /* Lottie in Frameworks */,
				E8CBDDAC2DD89988008E3E96 /* RevenueCatUI in Frameworks */,
				E8CBDDAE2DD899FA008E3E96 /* StoreKit.framework in Frameworks */,
				E8CBDDAA2DD89988008E3E96 /* RevenueCat in Frameworks */,
				E89F481F2CE7488200B71FA5 /* FirebaseAuth in Frameworks */,
				E866CDF02D30F2DC00F62142 /* FirebaseStorage in Frameworks */,
				E89F48222CE748C300B71FA5 /* GoogleSignIn in Frameworks */,
			);
			runOnlyForDeploymentPostprocessing = 0;
		};
/* End PBXFrameworksBuildPhase section */

/* Begin PBXGroup section */
		E84991FC2C3EAC1F007F918A /* Model */ = {
			isa = PBXGroup;
			children = (
				E82A72752DA47527005EA6A6 /* MeditationChartModel.swift */,
				E8AFBAAA2C9C45D600AEE292 /* ExerciseChartModel.swift */,
				E8D787012C9941CC00BA83A0 /* SleepChartModel.swift */,
				E8D787002C9941CC00BA83A0 /* StepsChartModel.swift */,
				E8D786FF2C9941CC00BA83A0 /* WaterChartModel.swift */,
				E863CBD52C5A700B009CB2A1 /* MultiLineChartModel.swift */,
				E84992002C3EB232007F918A /* SiteView.swift */,
			);
			path = Model;
			sourceTree = "<group>";
		};
		E85B4BEE2DF0D4B3003E3142 /* Lottie */ = {
			isa = PBXGroup;
			children = (
				E85B4BF32DF0D6C2003E3142 /* LottieView.swift */,
				E85B4BED2DF0D4B3003E3142 /* EmailAnimation.json */,
			);
			path = Lottie;
			sourceTree = "<group>";
		};
		E866CDEC2D30F2BC00F62142 /* Frameworks */ = {
			isa = PBXGroup;
			children = (
				E8CBDDAD2DD899FA008E3E96 /* StoreKit.framework */,
			);
			name = Frameworks;
			sourceTree = "<group>";
		};
		E874A9F22BFB53A50075644C = {
			isa = PBXGroup;
			children = (
				E8BE39B62DDBD885006F48B1 /* configurationTest.storekit */,
				E8BE39B82DDBD9A9006F48B1 /* StoreKitTestCertificate.cer */,
				E874A9FD2BFB53A50075644C /* UnChair-iOS */,
				E866CDEC2D30F2BC00F62142 /* Frameworks */,
				E874A9FC2BFB53A50075644C /* Products */,
			);
			sourceTree = "<group>";
		};
		E874A9FC2BFB53A50075644C /* Products */ = {
			isa = PBXGroup;
			children = (
				E874A9FB2BFB53A50075644C /* UnChair-iOS.app */,
			);
			name = Products;
			sourceTree = "<group>";
		};
		E874A9FD2BFB53A50075644C /* UnChair-iOS */ = {
			isa = PBXGroup;
			children = (
				E8C01E0B2CFE16900073C616 /* MainView.swift */,
				E832992C2D2DCAB500B5D009 /* GoogleService-Info.plist */,
				E8B2B4E92C7BA32C00091FAF /* UnChair-iOS.entitlements */,
				E884D3212C726A4C0075A323 /* Info.plist */,
				E85B4BEE2DF0D4B3003E3142 /* Lottie */,
				E8783CC12BFD921A0085A899 /* Core */,
				E899A4172C6BE7030042C5CC /* Sounds */,
				E874A9FE2BFB53A50075644C /* UnChair_iOSApp.swift */,
				E874AA002BFB53A50075644C /* ContentView.swift */,
				E874AA022BFB53A60075644C /* Assets.xcassets */,
				E874AA042BFB53A60075644C /* Preview Content */,
			);
			path = "UnChair-iOS";
			sourceTree = "<group>";
		};
		E874AA042BFB53A60075644C /* Preview Content */ = {
			isa = PBXGroup;
			children = (
				E874AA052BFB53A60075644C /* Preview Assets.xcassets */,
			);
			path = "Preview Content";
			sourceTree = "<group>";
		};
		E8783CC12BFD921A0085A899 /* Core */ = {
			isa = PBXGroup;
			children = (
				E89507A02C863279002FDAA4 /* OnBoarding */,
				E8D2BA792C84895200BEEAAF /* Authentication */,
				E8B368612C7F0C56003F2741 /* Theme */,
				E8BDD33B2C42DDEB00EED832 /* Break */,
				E8783CC52BFD926C0085A899 /* Analytics */,
				E8783CC82BFD92900085A899 /* Profile */,
				E8783CC22BFD92320085A899 /* Home */,
			);
			path = Core;
			sourceTree = "<group>";
		};
		E8783CC22BFD92320085A899 /* Home */ = {
			isa = PBXGroup;
			children = (
				E8783CC42BFD924B0085A899 /* Views */,
				E8783CC32BFD923D0085A899 /* ViewModels */,
			);
			path = Home;
			sourceTree = "<group>";
		};
		E8783CC32BFD923D0085A899 /* ViewModels */ = {
			isa = PBXGroup;
			children = (
				E8DB22832D71EECC001172B5 /* HealthDataService.swift */,
				E8E6CD5F2DAFAB89006C959A /* SettingsManager.swift */,
				E85889342DB349E900883430 /* NotificationManager.swift */,
				E8E787CB2D431DCE0091EE28 /* FirestoreService.swift */,
				E8FB19A22D882CF600A5CF82 /* HealthDataViewModel.swift */,
			);
			path = ViewModels;
			sourceTree = "<group>";
		};
		E8783CC42BFD924B0085A899 /* Views */ = {
			isa = PBXGroup;
			children = (
				E847C0F32DB82F3A005BED49 /* BreakDetailsView.swift */,
				E847C0F12DB82F2A005BED49 /* BreakItem.swift */,
				E844B82A2C108B30006D54E4 /* SedentaryTime.swift */,
				E847C0F72DB83111005BED49 /* BreakSectionView.swift */,
				E8BB4E312BFD0A5E00C1459C /* HomeScreen.swift */,
				E8A84F792C2D39F400900714 /* HCalendarView.swift */,
				E802683E2C317E0900F026F1 /* HeaderView.swift */,
				E8829A4A2C3AAD8900B197DD /* DailySleepView.swift */,
				E8829A4C2C3AAE8800B197DD /* DailyStepsView.swift */,
				E8829A4E2C3AB16300B197DD /* DailyWaterView.swift */,
				E826D5F42C3D70FD00B00579 /* DailyTracking.swift */,
				E868E3332C5CCE87005DFFE0 /* LocalNotification.swift */,
				E83A7EF02C68DFBC00709773 /* CalmCorner.swift */,
				E83A7EF22C68E35F00709773 /* Meditation.swift */,
				E828853C2DC6AA7E00EEAE8F /* GlassCard.swift */,
			);
			path = Views;
			sourceTree = "<group>";
		};
		E8783CC52BFD926C0085A899 /* Analytics */ = {
			isa = PBXGroup;
			children = (
				E84991FC2C3EAC1F007F918A /* Model */,
				E8AFBA992C9C459400AEE292 /* View */,
				E8E5B35D2C93369D0021F76A /* ViewModel */,
				E8E5B35E2C9336A80021F76A /* Screens */,
			);
			name = Analytics;
			path = Profile/ViewGroups/Analytics;
			sourceTree = "<group>";
		};
		E8783CC82BFD92900085A899 /* Profile */ = {
			isa = PBXGroup;
			children = (
				E8783CCA2BFD92A10085A899 /* ViewGroups */,
				E8783CC92BFD929A0085A899 /* Views */,
			);
			path = Profile;
			sourceTree = "<group>";
		};
		E8783CC92BFD929A0085A899 /* Views */ = {
			isa = PBXGroup;
			children = (
				E8D6BDB22DE89CC0006DBD8A /* ManageSubscription.swift */,
				E8FE7D1A2DE87A5600D9779F /* PrivacyPolicyView.swift */,
				E8FE7D182DE87A4C00D9779F /* TermsOfUseView.swift */,
				E8FE7D162DE87A2E00D9779F /* AboutView.swift */,
				E8FE7D122DE8590500D9779F /* WebView.swift */,
				E8BB4E352BFD0AEF00C1459C /* SettingsScreen.swift */,
				E8AFFFD72C32B3750002815E /* ActiveHour.swift */,
				E8B812352C33ECC400698849 /* EditProfile.swift */,
				E8FF2F4A2C58F6BC00E9974E /* FeedbackView.swift */,
				E8FF2F4C2C59041D00E9974E /* ContactUsView.swift */,
				E8D200692C5D3F67002EB719 /* BreakTime.swift */,
				E8D2006B2C5D467E002EB719 /* TimeDuration.swift */,
				E872E6CA2DE9F294006F4F57 /* DailyStepsGoal.swift */,
				E872E6C62DE9DB56006F4F57 /* DailyWaterGoal.swift */,
				E872E6C82DE9E99B006F4F57 /* DailySleepGoal.swift */,
			);
			path = Views;
			sourceTree = "<group>";
		};
		E8783CCA2BFD92A10085A899 /* ViewGroups */ = {
			isa = PBXGroup;
			children = (
			);
			path = ViewGroups;
			sourceTree = "<group>";
		};
		E89507A02C863279002FDAA4 /* OnBoarding */ = {
			isa = PBXGroup;
			children = (
				E8817BAA2DEEE9150036A426 /* OnBoardingCompletionView.swift */,
				E89507A32C865842002FDAA4 /* OnBoarding.swift */,
				E8C5AC102DEAD8F400E27B78 /* StepsSelectionView.swift */,
				E8C5AC142DEB175300E27B78 /* WorkHourSelectionView.swift */,
				E8C5AC162DEB5F7500E27B78 /* WaterSelectionView.swift */,
				E8C5AC182DEB6AEA00E27B78 /* SleepSelectionView.swift */,
				E8C5AC1A2DEB7C7700E27B78 /* BreakIntervalSelectionView.swift */,
				E8C859682DEE3BE50028981B /* WelcomOnBoardingView.swift */,
			);
			path = OnBoarding;
			sourceTree = "<group>";
		};
		E899A4172C6BE7030042C5CC /* Sounds */ = {
			isa = PBXGroup;
			children = (
				E899A4182C6BE73E0042C5CC /* count_down.mp3 */,
				E899A41A2C6BEBBF0042C5CC /* single_beep.mp3 */,
			);
			path = Sounds;
			sourceTree = "<group>";
		};
		E89F48192CE7441D00B71FA5 /* View */ = {
			isa = PBXGroup;
			children = (
			);
			path = View;
			sourceTree = "<group>";
		};
		E89F481A2CE7443100B71FA5 /* Model */ = {
			isa = PBXGroup;
			children = (
				E866CDFB2D3143F500F62142 /* UserData.swift */,
			);
			path = Model;
			sourceTree = "<group>";
		};
		E89F481B2CE7443600B71FA5 /* ViewModel */ = {
			isa = PBXGroup;
			children = (
			);
			path = ViewModel;
			sourceTree = "<group>";
		};
		E89F481C2CE7444400B71FA5 /* Screens */ = {
			isa = PBXGroup;
			children = (
				E8EC87472DF2293000ABE150 /* AuthenticatedView.swift */,
				E8A50ADE2DF1913E005F41D2 /* ForgotPasswordView.swift */,
				E8817BB02DEF57910036A426 /* SignupView.swift */,
				E8817BAE2DEF575A0036A426 /* SigninView.swift */,
				E8817BAC2DEF506F0036A426 /* VerificationView.swift */,
				E8C01E0D2CFE17E50073C616 /* AppDelegate.swift */,
				E8C01E092CFE16670073C616 /* AuthState.swift */,
				E8C01E072CFE15790073C616 /* AuthController.swift */,
				E8D2BA7A2C84897400BEEAAF /* Authentication.swift */,
				E866CE032D3151D900F62142 /* UserManager.swift */,
				E84B469A2DDBA5C500108CCC /* Secrets.swift */,
			);
			path = Screens;
			sourceTree = "<group>";
		};
		E8AFBA992C9C459400AEE292 /* View */ = {
			isa = PBXGroup;
			children = (
				E82A72772DA47DEA005EA6A6 /* ExerciseMultiLineChart.swift */,
				E84115052DA1649600CB21DF /* ExerciseMultiLineChartView.swift */,
				E8AFBA9F2C9C45B200AEE292 /* ExerciseBarChart.swift */,
				E8AFBA9A2C9C45B100AEE292 /* ExerciseBarChartView.swift */,
				E8AFBA9B2C9C45B100AEE292 /* SleepCapsuleChart.swift */,
				E8AFBA9C2C9C45B100AEE292 /* SleepCapsuleChartView.swift */,
				E8AFBA9D2C9C45B100AEE292 /* StepsLineChart.swift */,
				E8AFBAA02C9C45B200AEE292 /* StepsLineChartView.swift */,
				E84115072DA1A1B000CB21DF /* WaterBarChart.swift */,
				E8AFBAA12C9C45B200AEE292 /* WaterBarChartView.swift */,
				E82A72712DA472DE005EA6A6 /* MeditationLollipopChart.swift */,
				E82A72732DA47354005EA6A6 /* MeditationLollipopChartView.swift */,
				E8AFBA9E2C9C45B200AEE292 /* WaterBarChart2.swift */,
				E82A726F2DA3EDF3005EA6A6 /* PointLineChart.swift */,
			);
			path = View;
			sourceTree = "<group>";
		};
		E8B368612C7F0C56003F2741 /* Theme */ = {
			isa = PBXGroup;
			children = (
				E81E099E2CFA381700FFF547 /* DLMode.swift */,
			);
			path = Theme;
			sourceTree = "<group>";
		};
		E8BDD33B2C42DDEB00EED832 /* Break */ = {
			isa = PBXGroup;
			children = (
				E8BDD33C2C42DDF600EED832 /* Views */,
			);
			path = Break;
			sourceTree = "<group>";
		};
		E8BDD33C2C42DDF600EED832 /* Views */ = {
			isa = PBXGroup;
			children = (
				E8B9A2E12C54CCAE003127CC /* QuickBreakView.swift */,
				E8B9A2E32C555728003127CC /* BreakModel.swift */,
				E8B9A2E82C556C55003127CC /* DetailsBreakView.swift */,
				E869831C2C441877007A695F /* StartExerciseView.swift */,
			);
			path = Views;
			sourceTree = "<group>";
		};
		E8D2BA792C84895200BEEAAF /* Authentication */ = {
			isa = PBXGroup;
			children = (
				E89F481C2CE7444400B71FA5 /* Screens */,
				E89F481B2CE7443600B71FA5 /* ViewModel */,
				E89F481A2CE7443100B71FA5 /* Model */,
				E89F48192CE7441D00B71FA5 /* View */,
			);
			path = Authentication;
			sourceTree = "<group>";
		};
		E8E5B35D2C93369D0021F76A /* ViewModel */ = {
			isa = PBXGroup;
			children = (
				E8AFBAAC2C9C460600AEE292 /* DataFetcher.swift */,
			);
			path = ViewModel;
			sourceTree = "<group>";
		};
		E8E5B35E2C9336A80021F76A /* Screens */ = {
			isa = PBXGroup;
			children = (
				E8AFBAAE2C9C462F00AEE292 /* AnalyticScreen.swift */,
			);
			path = Screens;
			sourceTree = "<group>";
		};
/* End PBXGroup section */

/* Begin PBXNativeTarget section */
		E874A9FA2BFB53A50075644C /* UnChair-iOS */ = {
			isa = PBXNativeTarget;
			buildConfigurationList = E874AA092BFB53A60075644C /* Build configuration list for PBXNativeTarget "UnChair-iOS" */;
			buildPhases = (
				E874A9F72BFB53A50075644C /* Sources */,
				E874A9F82BFB53A50075644C /* Frameworks */,
				E874A9F92BFB53A50075644C /* Resources */,
				E8BF0B082DF0CC5300846885 /* Embed Frameworks */,
			);
			buildRules = (
			);
			dependencies = (
			);
			name = "UnChair-iOS";
			productName = "UnChair-iOS";
			productReference = E874A9FB2BFB53A50075644C /* UnChair-iOS.app */;
			productType = "com.apple.product-type.application";
		};
/* End PBXNativeTarget section */

/* Begin PBXProject section */
		E874A9F32BFB53A50075644C /* Project object */ = {
			isa = PBXProject;
			attributes = {
				BuildIndependentTargetsInParallel = 1;
				LastSwiftUpdateCheck = 1530;
				LastUpgradeCheck = 1530;
				TargetAttributes = {
					E874A9FA2BFB53A50075644C = {
						CreatedOnToolsVersion = 15.3;
					};
				};
			};
			buildConfigurationList = E874A9F62BFB53A50075644C /* Build configuration list for PBXProject "UnChair-iOS" */;
			compatibilityVersion = "Xcode 14.0";
			developmentRegion = en;
			hasScannedForEncodings = 0;
			knownRegions = (
				en,
				Base,
			);
			mainGroup = E874A9F22BFB53A50075644C;
			packageReferences = (
				E89F481D2CE7488200B71FA5 /* XCRemoteSwiftPackageReference "firebase-ios-sdk" */,
				E89F48202CE748C300B71FA5 /* XCRemoteSwiftPackageReference "GoogleSignIn-iOS" */,
				E8CBDDA82DD89988008E3E96 /* XCRemoteSwiftPackageReference "purchases-ios-spm" */,
				E85B4BF02DF0D61C003E3142 /* XCRemoteSwiftPackageReference "lottie-spm" */,
			);
			productRefGroup = E874A9FC2BFB53A50075644C /* Products */;
			projectDirPath = "";
			projectRoot = "";
			targets = (
				E874A9FA2BFB53A50075644C /* UnChair-iOS */,
			);
		};
/* End PBXProject section */

/* Begin PBXResourcesBuildPhase section */
		E874A9F92BFB53A50075644C /* Resources */ = {
			isa = PBXResourcesBuildPhase;
			buildActionMask = 2147483647;
			files = (
				E874AA062BFB53A60075644C /* Preview Assets.xcassets in Resources */,
				E8BE39B92DDBD9A9006F48B1 /* StoreKitTestCertificate.cer in Resources */,
				E899A41B2C6BEBBF0042C5CC /* single_beep.mp3 in Resources */,
				E85B4BEF2DF0D4B3003E3142 /* EmailAnimation.json in Resources */,
				E832992D2D2DCAB500B5D009 /* GoogleService-Info.plist in Resources */,
				E899A4192C6BE73E0042C5CC /* count_down.mp3 in Resources */,
				E874AA032BFB53A60075644C /* Assets.xcassets in Resources */,
				E8BE39B72DDBD885006F48B1 /* configurationTest.storekit in Resources */,
			);
			runOnlyForDeploymentPostprocessing = 0;
		};
/* End PBXResourcesBuildPhase section */

/* Begin PBXSourcesBuildPhase section */
		E874A9F72BFB53A50075644C /* Sources */ = {
			isa = PBXSourcesBuildPhase;
			buildActionMask = 2147483647;
			files = (
				E863CBD62C5A700B009CB2A1 /* MultiLineChartModel.swift in Sources */,
				E82A72702DA3EDF3005EA6A6 /* PointLineChart.swift in Sources */,
				E847C0F22DB82F2A005BED49 /* BreakItem.swift in Sources */,
				E872E6C92DE9E99B006F4F57 /* DailySleepGoal.swift in Sources */,
				E8FE7D1B2DE87A5600D9779F /* PrivacyPolicyView.swift in Sources */,
				E83A7EF12C68DFBC00709773 /* CalmCorner.swift in Sources */,
				E8AFBAA62C9C45B200AEE292 /* WaterBarChart2.swift in Sources */,
				E84B469B2DDBA5C500108CCC /* Secrets.swift in Sources */,
				E8829A4F2C3AB16300B197DD /* DailyWaterView.swift in Sources */,
				E8C5AC1B2DEB7C7700E27B78 /* BreakIntervalSelectionView.swift in Sources */,
				E8A50ADF2DF1913E005F41D2 /* ForgotPasswordView.swift in Sources */,
				E8AFBAAB2C9C45D600AEE292 /* ExerciseChartModel.swift in Sources */,
				E828853D2DC6AA7E00EEAE8F /* GlassCard.swift in Sources */,
				E8AFFFD82C32B3750002815E /* ActiveHour.swift in Sources */,
				E8817BAD2DEF506F0036A426 /* VerificationView.swift in Sources */,
				E8AFBAA82C9C45B200AEE292 /* StepsLineChartView.swift in Sources */,
				E8FE7D192DE87A4C00D9779F /* TermsOfUseView.swift in Sources */,
				E82A72762DA47530005EA6A6 /* MeditationChartModel.swift in Sources */,
				E8D2006A2C5D3F67002EB719 /* BreakTime.swift in Sources */,
				E8829A4D2C3AAE8800B197DD /* DailyStepsView.swift in Sources */,
				E83A7EF32C68E35F00709773 /* Meditation.swift in Sources */,
				E84115082DA1A1B200CB21DF /* WaterBarChart.swift in Sources */,
				E8B9A2E42C555728003127CC /* BreakModel.swift in Sources */,
				E8AFBAA52C9C45B200AEE292 /* StepsLineChart.swift in Sources */,
				E8D6BDB32DE89CC0006DBD8A /* ManageSubscription.swift in Sources */,
				E8D787042C9941CC00BA83A0 /* StepsChartModel.swift in Sources */,
				E8C01E0C2CFE16920073C616 /* MainView.swift in Sources */,
				E8817BAF2DEF575A0036A426 /* SigninView.swift in Sources */,
				E8E6CD602DAFAB89006C959A /* SettingsManager.swift in Sources */,
				E8D2BA7B2C84897400BEEAAF /* Authentication.swift in Sources */,
				E82A72782DA47DEA005EA6A6 /* ExerciseMultiLineChart.swift in Sources */,
				E8C01E0E2CFE17F00073C616 /* AppDelegate.swift in Sources */,
				E8FE7D132DE8590500D9779F /* WebView.swift in Sources */,
				E8C5AC192DEB6AEA00E27B78 /* SleepSelectionView.swift in Sources */,
				E8AFBAA32C9C45B200AEE292 /* SleepCapsuleChart.swift in Sources */,
				E85889352DB349E900883430 /* NotificationManager.swift in Sources */,
				E8AFBAA22C9C45B200AEE292 /* ExerciseBarChartView.swift in Sources */,
				E8AFBAA42C9C45B200AEE292 /* SleepCapsuleChartView.swift in Sources */,
				E847C0F82DB83111005BED49 /* BreakSectionView.swift in Sources */,
				E8AFBAA72C9C45B200AEE292 /* ExerciseBarChart.swift in Sources */,
				E8817BB12DEF57910036A426 /* SignupView.swift in Sources */,
				E8DB22842D71EECC001172B5 /* HealthDataService.swift in Sources */,
				E84115062DA1649600CB21DF /* ExerciseMultiLineChartView.swift in Sources */,
				E8B9A2E92C556C55003127CC /* DetailsBreakView.swift in Sources */,
				E8C5AC172DEB5F7500E27B78 /* WaterSelectionView.swift in Sources */,
				E874AA012BFB53A50075644C /* ContentView.swift in Sources */,
				E8C01E0A2CFE166B0073C616 /* AuthState.swift in Sources */,
				E8C5AC152DEB175300E27B78 /* WorkHourSelectionView.swift in Sources */,
				E8817BAB2DEEE9150036A426 /* OnBoardingCompletionView.swift in Sources */,
				E8FB19A32D882CF700A5CF82 /* HealthDataViewModel.swift in Sources */,
				E8B9A2E22C54CCAE003127CC /* QuickBreakView.swift in Sources */,
				E82A72742DA47354005EA6A6 /* MeditationLollipopChartView.swift in Sources */,
				E8C859692DEE3BE50028981B /* WelcomOnBoardingView.swift in Sources */,
				E85B4BF42DF0D6C2003E3142 /* LottieView.swift in Sources */,
				E8D2006C2C5D467E002EB719 /* TimeDuration.swift in Sources */,
				E866CDFC2D3143F500F62142 /* UserData.swift in Sources */,
				E89507A42C865842002FDAA4 /* OnBoarding.swift in Sources */,
				E8FF2F4D2C59041D00E9974E /* ContactUsView.swift in Sources */,
				E872E6C72DE9DB56006F4F57 /* DailyWaterGoal.swift in Sources */,
				E8AFBAA92C9C45B200AEE292 /* WaterBarChartView.swift in Sources */,
				E8B812362C33ECC400698849 /* EditProfile.swift in Sources */,
				E8D787032C9941CC00BA83A0 /* WaterChartModel.swift in Sources */,
				E874A9FF2BFB53A50075644C /* UnChair_iOSApp.swift in Sources */,
				E8BB4E322BFD0A5E00C1459C /* HomeScreen.swift in Sources */,
				E8E787CC2D431DCE0091EE28 /* FirestoreService.swift in Sources */,
				E868E3342C5CCE87005DFFE0 /* LocalNotification.swift in Sources */,
				E802683F2C317E0900F026F1 /* HeaderView.swift in Sources */,
				E8EC87482DF2293000ABE150 /* AuthenticatedView.swift in Sources */,
				E8A84F7A2C2D39F400900714 /* HCalendarView.swift in Sources */,
				E869831D2C441877007A695F /* StartExerciseView.swift in Sources */,
				E872E6CB2DE9F294006F4F57 /* DailyStepsGoal.swift in Sources */,
				E8C5AC112DEAD8F400E27B78 /* StepsSelectionView.swift in Sources */,
				E8AFBAAD2C9C460600AEE292 /* DataFetcher.swift in Sources */,
				E82A72722DA472DE005EA6A6 /* MeditationLollipopChart.swift in Sources */,
				E8C01E082CFE157F0073C616 /* AuthController.swift in Sources */,
				E847C0F42DB82F3A005BED49 /* BreakDetailsView.swift in Sources */,
				E8FF2F4B2C58F6BC00E9974E /* FeedbackView.swift in Sources */,
				E844B82B2C108B30006D54E4 /* SedentaryTime.swift in Sources */,
				E8829A4B2C3AAD8900B197DD /* DailySleepView.swift in Sources */,
				E8D787052C9941CC00BA83A0 /* SleepChartModel.swift in Sources */,
				E866CE042D3151D900F62142 /* UserManager.swift in Sources */,
				E8FE7D172DE87A2E00D9779F /* AboutView.swift in Sources */,
				E84992012C3EB232007F918A /* SiteView.swift in Sources */,
				E81E099F2CFA381700FFF547 /* DLMode.swift in Sources */,
				E8AFBAAF2C9C462F00AEE292 /* AnalyticScreen.swift in Sources */,
				E8BB4E362BFD0AEF00C1459C /* SettingsScreen.swift in Sources */,
				E826D5F52C3D70FD00B00579 /* DailyTracking.swift in Sources */,
			);
			runOnlyForDeploymentPostprocessing = 0;
		};
/* End PBXSourcesBuildPhase section */

/* Begin XCBuildConfiguration section */
		E874AA072BFB53A60075644C /* Debug */ = {
			isa = XCBuildConfiguration;
			buildSettings = {
				ALWAYS_SEARCH_USER_PATHS = NO;
				ASSETCATALOG_COMPILER_GENERATE_SWIFT_ASSET_SYMBOL_EXTENSIONS = YES;
				CLANG_ANALYZER_NONNULL = YES;
				CLANG_ANALYZER_NUMBER_OBJECT_CONVERSION = YES_AGGRESSIVE;
				CLANG_CXX_LANGUAGE_STANDARD = "gnu++20";
				CLANG_ENABLE_MODULES = YES;
				CLANG_ENABLE_OBJC_ARC = YES;
				CLANG_ENABLE_OBJC_WEAK = YES;
				CLANG_WARN_BLOCK_CAPTURE_AUTORELEASING = YES;
				CLANG_WARN_BOOL_CONVERSION = YES;
				CLANG_WARN_COMMA = YES;
				CLANG_WARN_CONSTANT_CONVERSION = YES;
				CLANG_WARN_DEPRECATED_OBJC_IMPLEMENTATIONS = YES;
				CLANG_WARN_DIRECT_OBJC_ISA_USAGE = YES_ERROR;
				CLANG_WARN_DOCUMENTATION_COMMENTS = YES;
				CLANG_WARN_EMPTY_BODY = YES;
				CLANG_WARN_ENUM_CONVERSION = YES;
				CLANG_WARN_INFINITE_RECURSION = YES;
				CLANG_WARN_INT_CONVERSION = YES;
				CLANG_WARN_NON_LITERAL_NULL_CONVERSION = YES;
				CLANG_WARN_OBJC_IMPLICIT_RETAIN_SELF = YES;
				CLANG_WARN_OBJC_LITERAL_CONVERSION = YES;
				CLANG_WARN_OBJC_ROOT_CLASS = YES_ERROR;
				CLANG_WARN_QUOTED_INCLUDE_IN_FRAMEWORK_HEADER = YES;
				CLANG_WARN_RANGE_LOOP_ANALYSIS = YES;
				CLANG_WARN_STRICT_PROTOTYPES = YES;
				CLANG_WARN_SUSPICIOUS_MOVE = YES;
				CLANG_WARN_UNGUARDED_AVAILABILITY = YES_AGGRESSIVE;
				CLANG_WARN_UNREACHABLE_CODE = YES;
				CLANG_WARN__DUPLICATE_METHOD_MATCH = YES;
				COPY_PHASE_STRIP = NO;
				DEAD_CODE_STRIPPING = YES;
				DEBUG_INFORMATION_FORMAT = dwarf;
				ENABLE_STRICT_OBJC_MSGSEND = YES;
				ENABLE_TESTABILITY = YES;
				ENABLE_USER_SCRIPT_SANDBOXING = YES;
				GCC_C_LANGUAGE_STANDARD = gnu17;
				GCC_DYNAMIC_NO_PIC = NO;
				GCC_NO_COMMON_BLOCKS = YES;
				GCC_OPTIMIZATION_LEVEL = 0;
				GCC_PREPROCESSOR_DEFINITIONS = (
					"DEBUG=1",
					"$(inherited)",
				);
				GCC_WARN_64_TO_32_BIT_CONVERSION = YES;
				GCC_WARN_ABOUT_RETURN_TYPE = YES_ERROR;
				GCC_WARN_UNDECLARED_SELECTOR = YES;
				GCC_WARN_UNINITIALIZED_AUTOS = YES_AGGRESSIVE;
				GCC_WARN_UNUSED_FUNCTION = YES;
				GCC_WARN_UNUSED_VARIABLE = YES;
				IPHONEOS_DEPLOYMENT_TARGET = 17.4;
				LOCALIZATION_PREFERS_STRING_CATALOGS = YES;
				MTL_ENABLE_DEBUG_INFO = INCLUDE_SOURCE;
				MTL_FAST_MATH = YES;
				ONLY_ACTIVE_ARCH = YES;
				SDKROOT = iphoneos;
				SWIFT_ACTIVE_COMPILATION_CONDITIONS = "DEBUG $(inherited)";
				SWIFT_OPTIMIZATION_LEVEL = "-Onone";
			};
			name = Debug;
		};
		E874AA082BFB53A60075644C /* Release */ = {
			isa = XCBuildConfiguration;
			buildSettings = {
				ALWAYS_SEARCH_USER_PATHS = NO;
				ASSETCATALOG_COMPILER_GENERATE_SWIFT_ASSET_SYMBOL_EXTENSIONS = YES;
				CLANG_ANALYZER_NONNULL = YES;
				CLANG_ANALYZER_NUMBER_OBJECT_CONVERSION = YES_AGGRESSIVE;
				CLANG_CXX_LANGUAGE_STANDARD = "gnu++20";
				CLANG_ENABLE_MODULES = YES;
				CLANG_ENABLE_OBJC_ARC = YES;
				CLANG_ENABLE_OBJC_WEAK = YES;
				CLANG_WARN_BLOCK_CAPTURE_AUTORELEASING = YES;
				CLANG_WARN_BOOL_CONVERSION = YES;
				CLANG_WARN_COMMA = YES;
				CLANG_WARN_CONSTANT_CONVERSION = YES;
				CLANG_WARN_DEPRECATED_OBJC_IMPLEMENTATIONS = YES;
				CLANG_WARN_DIRECT_OBJC_ISA_USAGE = YES_ERROR;
				CLANG_WARN_DOCUMENTATION_COMMENTS = YES;
				CLANG_WARN_EMPTY_BODY = YES;
				CLANG_WARN_ENUM_CONVERSION = YES;
				CLANG_WARN_INFINITE_RECURSION = YES;
				CLANG_WARN_INT_CONVERSION = YES;
				CLANG_WARN_NON_LITERAL_NULL_CONVERSION = YES;
				CLANG_WARN_OBJC_IMPLICIT_RETAIN_SELF = YES;
				CLANG_WARN_OBJC_LITERAL_CONVERSION = YES;
				CLANG_WARN_OBJC_ROOT_CLASS = YES_ERROR;
				CLANG_WARN_QUOTED_INCLUDE_IN_FRAMEWORK_HEADER = YES;
				CLANG_WARN_RANGE_LOOP_ANALYSIS = YES;
				CLANG_WARN_STRICT_PROTOTYPES = YES;
				CLANG_WARN_SUSPICIOUS_MOVE = YES;
				CLANG_WARN_UNGUARDED_AVAILABILITY = YES_AGGRESSIVE;
				CLANG_WARN_UNREACHABLE_CODE = YES;
				CLANG_WARN__DUPLICATE_METHOD_MATCH = YES;
				COPY_PHASE_STRIP = NO;
				DEAD_CODE_STRIPPING = YES;
				DEBUG_INFORMATION_FORMAT = "dwarf-with-dsym";
				ENABLE_NS_ASSERTIONS = NO;
				ENABLE_STRICT_OBJC_MSGSEND = YES;
				ENABLE_USER_SCRIPT_SANDBOXING = YES;
				GCC_C_LANGUAGE_STANDARD = gnu17;
				GCC_NO_COMMON_BLOCKS = YES;
				GCC_WARN_64_TO_32_BIT_CONVERSION = YES;
				GCC_WARN_ABOUT_RETURN_TYPE = YES_ERROR;
				GCC_WARN_UNDECLARED_SELECTOR = YES;
				GCC_WARN_UNINITIALIZED_AUTOS = YES_AGGRESSIVE;
				GCC_WARN_UNUSED_FUNCTION = YES;
				GCC_WARN_UNUSED_VARIABLE = YES;
				IPHONEOS_DEPLOYMENT_TARGET = 17.4;
				LOCALIZATION_PREFERS_STRING_CATALOGS = YES;
				MTL_ENABLE_DEBUG_INFO = NO;
				MTL_FAST_MATH = YES;
				SDKROOT = iphoneos;
				SWIFT_COMPILATION_MODE = wholemodule;
				VALIDATE_PRODUCT = YES;
			};
			name = Release;
		};
		E874AA0A2BFB53A60075644C /* Debug */ = {
			isa = XCBuildConfiguration;
			buildSettings = {
				ASSETCATALOG_COMPILER_APPICON_NAME = AppIcon;
				ASSETCATALOG_COMPILER_GLOBAL_ACCENT_COLOR_NAME = AccentColor;
				CODE_SIGN_ENTITLEMENTS = "UnChair-iOS/UnChair-iOS.entitlements";
				CODE_SIGN_IDENTITY = "Apple Development";
				CODE_SIGN_STYLE = Automatic;
				CURRENT_PROJECT_VERSION = 1;
				DEAD_CODE_STRIPPING = YES;
				DEVELOPMENT_ASSET_PATHS = "\"UnChair-iOS/Preview Content\"";
				DEVELOPMENT_TEAM = 828PG3Q6MA;
				ENABLE_PREVIEWS = YES;
				GENERATE_INFOPLIST_FILE = YES;
				INFOPLIST_FILE = "UnChair-iOS/Info.plist";
				INFOPLIST_KEY_CFBundleDisplayName = UnChair;
				INFOPLIST_KEY_LSApplicationCategoryType = "public.app-category.healthcare-fitness";
				INFOPLIST_KEY_NSHealthShareUsageDescription = "Pleasse allow access to enjoy all the features of our application";
				INFOPLIST_KEY_UIApplicationSceneManifest_Generation = YES;
				INFOPLIST_KEY_UIApplicationSupportsIndirectInputEvents = YES;
				INFOPLIST_KEY_UISupportedInterfaceOrientations_iPad = "UIInterfaceOrientationPortrait UIInterfaceOrientationPortraitUpsideDown UIInterfaceOrientationLandscapeLeft UIInterfaceOrientationLandscapeRight";
				INFOPLIST_KEY_UISupportedInterfaceOrientations_iPhone = "UIInterfaceOrientationPortrait UIInterfaceOrientationLandscapeLeft UIInterfaceOrientationLandscapeRight";
				IPHONEOS_DEPLOYMENT_TARGET = 17.4;
				LD_RUNPATH_SEARCH_PATHS = (
					"$(inherited)",
					"@executable_path/Frameworks",
				);
				MARKETING_VERSION = 1.0;
				PRODUCT_BUNDLE_IDENTIFIER = "IsrailAhmed.UnChair-iOS";
				PRODUCT_NAME = "$(TARGET_NAME)";
				PROVISIONING_PROFILE_SPECIFIER = "";
				SWIFT_EMIT_LOC_STRINGS = YES;
				SWIFT_VERSION = 5.0;
				TARGETED_DEVICE_FAMILY = "1,2";
			};
			name = Debug;
		};
		E874AA0B2BFB53A60075644C /* Release */ = {
			isa = XCBuildConfiguration;
			buildSettings = {
				ASSETCATALOG_COMPILER_APPICON_NAME = AppIcon;
				ASSETCATALOG_COMPILER_GLOBAL_ACCENT_COLOR_NAME = AccentColor;
				CODE_SIGN_ENTITLEMENTS = "UnChair-iOS/UnChair-iOS.entitlements";
				CODE_SIGN_IDENTITY = "Apple Development";
				CODE_SIGN_STYLE = Automatic;
				CURRENT_PROJECT_VERSION = 1;
				DEAD_CODE_STRIPPING = YES;
				DEVELOPMENT_ASSET_PATHS = "\"UnChair-iOS/Preview Content\"";
				DEVELOPMENT_TEAM = 828PG3Q6MA;
				ENABLE_PREVIEWS = YES;
				GENERATE_INFOPLIST_FILE = YES;
				INFOPLIST_FILE = "UnChair-iOS/Info.plist";
				INFOPLIST_KEY_CFBundleDisplayName = UnChair;
				INFOPLIST_KEY_LSApplicationCategoryType = "public.app-category.healthcare-fitness";
				INFOPLIST_KEY_NSHealthShareUsageDescription = "Pleasse allow access to enjoy all the features of our application";
				INFOPLIST_KEY_UIApplicationSceneManifest_Generation = YES;
				INFOPLIST_KEY_UIApplicationSupportsIndirectInputEvents = YES;
				INFOPLIST_KEY_UISupportedInterfaceOrientations_iPad = "UIInterfaceOrientationPortrait UIInterfaceOrientationPortraitUpsideDown UIInterfaceOrientationLandscapeLeft UIInterfaceOrientationLandscapeRight";
				INFOPLIST_KEY_UISupportedInterfaceOrientations_iPhone = "UIInterfaceOrientationPortrait UIInterfaceOrientationLandscapeLeft UIInterfaceOrientationLandscapeRight";
				IPHONEOS_DEPLOYMENT_TARGET = 17.4;
				LD_RUNPATH_SEARCH_PATHS = (
					"$(inherited)",
					"@executable_path/Frameworks",
				);
				MARKETING_VERSION = 1.0;
				PRODUCT_BUNDLE_IDENTIFIER = "IsrailAhmed.UnChair-iOS";
				PRODUCT_NAME = "$(TARGET_NAME)";
				PROVISIONING_PROFILE_SPECIFIER = "";
				SWIFT_EMIT_LOC_STRINGS = YES;
				SWIFT_VERSION = 5.0;
				TARGETED_DEVICE_FAMILY = "1,2";
			};
			name = Release;
		};
/* End XCBuildConfiguration section */

/* Begin XCConfigurationList section */
		E874A9F62BFB53A50075644C /* Build configuration list for PBXProject "UnChair-iOS" */ = {
			isa = XCConfigurationList;
			buildConfigurations = (
				E874AA072BFB53A60075644C /* Debug */,
				E874AA082BFB53A60075644C /* Release */,
			);
			defaultConfigurationIsVisible = 0;
			defaultConfigurationName = Release;
		};
		E874AA092BFB53A60075644C /* Build configuration list for PBXNativeTarget "UnChair-iOS" */ = {
			isa = XCConfigurationList;
			buildConfigurations = (
				E874AA0A2BFB53A60075644C /* Debug */,
				E874AA0B2BFB53A60075644C /* Release */,
			);
			defaultConfigurationIsVisible = 0;
			defaultConfigurationName = Release;
		};
/* End XCConfigurationList section */

/* Begin XCRemoteSwiftPackageReference section */
		E85B4BF02DF0D61C003E3142 /* XCRemoteSwiftPackageReference "lottie-spm" */ = {
			isa = XCRemoteSwiftPackageReference;
			repositoryURL = "https://github.com/airbnb/lottie-spm.git";
			requirement = {
				kind = upToNextMajorVersion;
				minimumVersion = 4.5.2;
			};
		};
		E89F481D2CE7488200B71FA5 /* XCRemoteSwiftPackageReference "firebase-ios-sdk" */ = {
			isa = XCRemoteSwiftPackageReference;
			repositoryURL = "https://github.com/firebase/firebase-ios-sdk";
			requirement = {
				kind = upToNextMajorVersion;
				minimumVersion = 11.5.0;
			};
		};
		E89F48202CE748C300B71FA5 /* XCRemoteSwiftPackageReference "GoogleSignIn-iOS" */ = {
			isa = XCRemoteSwiftPackageReference;
			repositoryURL = "https://github.com/google/GoogleSignIn-iOS";
			requirement = {
				kind = upToNextMajorVersion;
				minimumVersion = 8.0.0;
			};
		};
		E8CBDDA82DD89988008E3E96 /* XCRemoteSwiftPackageReference "purchases-ios-spm" */ = {
			isa = XCRemoteSwiftPackageReference;
			repositoryURL = "https://github.com/RevenueCat/purchases-ios-spm.git";
			requirement = {
				kind = upToNextMajorVersion;
				minimumVersion = 5.24.0;
			};
		};
/* End XCRemoteSwiftPackageReference section */

/* Begin XCSwiftPackageProductDependency section */
		E85B4BF12DF0D61C003E3142 /* Lottie */ = {
			isa = XCSwiftPackageProductDependency;
			package = E85B4BF02DF0D61C003E3142 /* XCRemoteSwiftPackageReference "lottie-spm" */;
			productName = Lottie;
		};
		E866CDED2D30F2BC00F62142 /* FirebaseFirestore */ = {
			isa = XCSwiftPackageProductDependency;
			package = E89F481D2CE7488200B71FA5 /* XCRemoteSwiftPackageReference "firebase-ios-sdk" */;
			productName = FirebaseFirestore;
		};
		E866CDEF2D30F2DC00F62142 /* FirebaseStorage */ = {
			isa = XCSwiftPackageProductDependency;
			package = E89F481D2CE7488200B71FA5 /* XCRemoteSwiftPackageReference "firebase-ios-sdk" */;
			productName = FirebaseStorage;
		};
		E89F481E2CE7488200B71FA5 /* FirebaseAuth */ = {
			isa = XCSwiftPackageProductDependency;
			package = E89F481D2CE7488200B71FA5 /* XCRemoteSwiftPackageReference "firebase-ios-sdk" */;
			productName = FirebaseAuth;
		};
		E89F48212CE748C300B71FA5 /* GoogleSignIn */ = {
			isa = XCSwiftPackageProductDependency;
			package = E89F48202CE748C300B71FA5 /* XCRemoteSwiftPackageReference "GoogleSignIn-iOS" */;
			productName = GoogleSignIn;
		};
		E89F48232CE748C300B71FA5 /* GoogleSignInSwift */ = {
			isa = XCSwiftPackageProductDependency;
			package = E89F48202CE748C300B71FA5 /* XCRemoteSwiftPackageReference "GoogleSignIn-iOS" */;
			productName = GoogleSignInSwift;
		};
		E8CBDDA92DD89988008E3E96 /* RevenueCat */ = {
			isa = XCSwiftPackageProductDependency;
			package = E8CBDDA82DD89988008E3E96 /* XCRemoteSwiftPackageReference "purchases-ios-spm" */;
			productName = RevenueCat;
		};
		E8CBDDAB2DD89988008E3E96 /* RevenueCatUI */ = {
			isa = XCSwiftPackageProductDependency;
			package = E8CBDDA82DD89988008E3E96 /* XCRemoteSwiftPackageReference "purchases-ios-spm" */;
			productName = RevenueCatUI;
		};
/* End XCSwiftPackageProductDependency section */
	};
	rootObject = E874A9F32BFB53A50075644C /* Project object */;
}
